PODS:
  - AFNetworking (3.1.0):
    - AFNetworking/NSURLSession (= 3.1.0)
    - AFNetworking/Reachability (= 3.1.0)
    - AFNetworking/Security (= 3.1.0)
    - AFNetworking/Serialization (= 3.1.0)
    - AFNetworking/UIKit (= 3.1.0)
  - AFNetworking/NSURLSession (3.1.0):
    - AFNetworking/Reachability
    - AFNetworking/Security
    - AFNetworking/Serialization
  - AFNetworking/Reachability (3.1.0)
  - AFNetworking/Security (3.1.0)
  - AFNetworking/Serialization (3.1.0)
  - AFNetworking/UIKit (3.1.0):
    - AFNetworking/NSURLSession
  - DACircularProgress (2.3.1)
  - Firebase/AdMob (3.13.0):
    - Firebase/Core
    - Google-Mobile-Ads-SDK (= 7.17.0)
  - Firebase/Core (3.13.0):
    - FirebaseAnalytics (= 3.7.0)
    - FirebaseCore (= 3.5.0)
  - Firebase/Crash (3.13.0):
    - Firebase/Core
    - FirebaseCrash (= 1.1.6)
  - FirebaseAnalytics (3.7.0):
    - FirebaseCore (~> 3.5)
    - FirebaseInstanceID (~> 1.0)
    - GoogleToolboxForMac/NSData+zlib (~> 2.1)
  - FirebaseCore (3.5.0):
    - GoogleToolboxForMac/NSData+zlib (~> 2.1)
  - FirebaseCrash (1.1.6):
    - FirebaseAnalytics (~> 3.7)
    - FirebaseInstanceID (~> 1.0)
    - GoogleToolboxForMac/Logger (~> 2.1)
    - GoogleToolboxForMac/NSData+zlib (~> 2.1)
    - Protobuf (~> 3.1)
  - FirebaseInstanceID (1.0.9)
  - Google-Mobile-Ads-SDK (7.17.0)
  - GoogleToolboxForMac/Defines (2.1.1)
  - GoogleToolboxForMac/Logger (2.1.1):
    - GoogleToolboxForMac/Defines (= 2.1.1)
  - GoogleToolboxForMac/NSData+zlib (2.1.1):
    - GoogleToolboxForMac/Defines (= 2.1.1)
  - libnestegg (0.1)
  - libogg (1.3.2)
  - liboggz (1.1.1):
    - libogg (>= 1.0)
  - libtheora (1.1.1):
    - libogg (>= 1.1)
  - libvorbis (1.3.5):
    - libogg (>= 1.0)
  - libvpx (1.5.0-1021-g59ae167)
  - MBProgressHUD (0.9.2)
  - MWPhotoBrowser (2.1.2):
    - DACircularProgress (~> 2.3)
    - MBProgressHUD (~> 0.9)
    - SDWebImage (!= 3.7.2, ~> 3.7)
  - OGVKit (0.5.9):
    - OGVKit/AVDecoder (= 0.5.9)
    - OGVKit/Core (= 0.5.9)
    - OGVKit/libskeleton (= 0.5.9)
    - OGVKit/MP3 (= 0.5.9)
    - OGVKit/MP4 (= 0.5.9)
    - OGVKit/Ogg (= 0.5.9)
    - OGVKit/OggDemuxer (= 0.5.9)
    - OGVKit/TheoraDecoder (= 0.5.9)
    - OGVKit/VorbisDecoder (= 0.5.9)
    - OGVKit/VP8Decoder (= 0.5.9)
    - OGVKit/WebM (= 0.5.9)
    - OGVKit/WebMDemuxer (= 0.5.9)
  - OGVKit/AVDecoder (0.5.9):
    - OGVKit/Core
  - OGVKit/Core (0.5.9)
  - OGVKit/libskeleton (0.5.9):
    - libogg
  - OGVKit/MP3 (0.5.9):
    - OGVKit/AVDecoder
  - OGVKit/MP4 (0.5.9):
    - OGVKit/AVDecoder
  - OGVKit/Ogg (0.5.9):
    - OGVKit/Ogg/Theora (= 0.5.9)
    - OGVKit/Ogg/Vorbis (= 0.5.9)
  - OGVKit/Ogg/Theora (0.5.9):
    - OGVKit/OggDemuxer
    - OGVKit/TheoraDecoder
    - OGVKit/VorbisDecoder
  - OGVKit/Ogg/Vorbis (0.5.9):
    - OGVKit/OggDemuxer
    - OGVKit/VorbisDecoder
  - OGVKit/OggDemuxer (0.5.9):
    - liboggz
    - OGVKit/Core
    - OGVKit/libskeleton (~> 0.4)
  - OGVKit/TheoraDecoder (0.5.9):
    - libtheora
    - OGVKit/Core
  - OGVKit/VorbisDecoder (0.5.9):
    - libvorbis
    - OGVKit/Core
  - OGVKit/VP8Decoder (0.5.9):
    - libvpx (~> 1.5.0-1021-g59ae167)
    - OGVKit/Core
  - OGVKit/WebM (0.5.9):
    - OGVKit/WebM/Vorbis (= 0.5.9)
    - OGVKit/WebM/VP8 (= 0.5.9)
  - OGVKit/WebM/Vorbis (0.5.9):
    - OGVKit/VorbisDecoder
    - OGVKit/WebMDemuxer
  - OGVKit/WebM/VP8 (0.5.9):
    - OGVKit/VorbisDecoder
    - OGVKit/VP8Decoder
    - OGVKit/WebMDemuxer
  - OGVKit/WebMDemuxer (0.5.9):
    - libnestegg
    - OGVKit/Core
  - Protobuf (3.2.0)
  - PureLayout (3.0.2)
  - SDWebImage (3.8.2):
    - SDWebImage/Core (= 3.8.2)
  - SDWebImage/Core (3.8.2)
  - SVPullToRefresh (0.4.1)
  - SVWebViewController (1.0)
  - SwiftMessages (3.1.5)

DEPENDENCIES:
  - AFNetworking
  - Firebase/AdMob
  - Firebase/Core
  - Firebase/Crash
  - MBProgressHUD
  - MWPhotoBrowser (~> 2.1.2)
  - OGVKit
  - PureLayout
  - SVPullToRefresh (from `https://github.com/samvermette/SVPullToRefresh.git`)
  - SVWebViewController (from `https://github.com/TransitApp/SVWebViewController.git`)
  - SwiftMessages

EXTERNAL SOURCES:
  SVPullToRefresh:
    :git: https://github.com/samvermette/SVPullToRefresh.git
  SVWebViewController:
    :git: https://github.com/TransitApp/SVWebViewController.git

CHECKOUT OPTIONS:
  SVPullToRefresh:
    :commit: a5f9dfee86a27c4e994d7edf93d0768c881d58bb
    :git: https://github.com/samvermette/SVPullToRefresh.git
  SVWebViewController:
    :commit: 9abad6b852b6c2ad19bb3c28532cce53719e2a7f
    :git: https://github.com/TransitApp/SVWebViewController.git

SPEC CHECKSUMS:
  AFNetworking: 5e0e199f73d8626b11e79750991f5d173d1f8b67
  DACircularProgress: 4dd437c0fc3da5161cb289e07ac449493d41db71
  Firebase: 5bc34d7b5ff5792e3386c8b28dc6265deeab0da4
  FirebaseAnalytics: 0d1b7d81d5021155be37702a94ba1ec16d45365d
  FirebaseCore: 1c0a13bf59bb95cdd19577252499f0ec6a03e999
  FirebaseCrash: db4c05d9c75baa050744d31b36357c8f1efba481
  FirebaseInstanceID: 2d0518b1378fe9d685ef40cbdd63d2fdc1125339
  Google-Mobile-Ads-SDK: a8bf4211624999b73e4184be516f94770b139525
  GoogleToolboxForMac: 8e329f1b599f2512c6b10676d45736bcc2cbbeb0
  libnestegg: 29be3e4d84978423ab8a282476c099aa221d1c4e
  libogg: 924cd993b3fcf4d93568f7d582496061ef82716e
  liboggz: 6605f8cd394de0fe330957507179f6bdcce716d1
  libtheora: cf6fb3c5c0db661460d0d54d0a343bc38dc766d3
  libvorbis: ce9ba21bbef15c2060e31e1e33dcdeb3762427b0
  libvpx: a5eeb44d068ae2f597eddf27a9fc097ac423b208
  MBProgressHUD: 1569cf7ace17a8bac47aabfbb8580a49690386d1
  MWPhotoBrowser: 5836d7aa041dc05a13de380c246826578adc5ea5
  OGVKit: a7323b234ede2b6a4825097dd8a7f2075c71125b
  Protobuf: 745f59e122e5de98d4d7ef291e264a0eef80f58e
  PureLayout: 4d550abe49a94f24c2808b9b95db9131685fe4cd
  SDWebImage: 098e97e6176540799c27e804c96653ee0833d13c
  SVPullToRefresh: ba2e718695a43253d8bea6852d2960097dc15d8c
  SVWebViewController: aa2e18a41ff5f45be7aeec8e92ca5bcc50b5ebb1
  SwiftMessages: bb85d7c30e85256f9367214b0907e1f409e1870a

PODFILE CHECKSUM: abed6fe8264392f095f8ba39f85afede26561c8e

COCOAPODS: 1.2.0
