PODS:
  - DACircularProgress (2.3.1)
  - MBProgressHUD (1.0.0)
  - MWPhotoBrowser (1.2.1):
    - DACircularProgress
    - MBProgressHUD
    - PSTCollectionView (~> 1.2)
    - SDWebImage (~> 3.5)
  - PSTCollectionView (1.2.3)
  - SDWebImage (3.8.1):
    - SDWebImage/Core (= 3.8.1)
  - SDWebImage/Core (3.8.1)

DEPENDENCIES:
  - MBProgressHUD (~> 1.0.0)
  - MWPhotoBrowser
  - SDWebImage (~> 3.8)

SPEC CHECKSUMS:
  DACircularProgress: 4dd437c0fc3da5161cb289e07ac449493d41db71
  MBProgressHUD: 4890f671c94e8a0f3cf959aa731e9de2f036d71a
  MWPhotoBrowser: 7087b4c828297ef34ff2b0892c8e967034a86842
  PSTCollectionView: 6749df92885353521f55279a7ce2b293762e2be4
  SDWebImage: 35f9627a3e44b4f292a8a8ce6a531fa488239b91

PODFILE CHECKSUM: ad81ca866ea922d58b8a4262efa897ec8296a2c1

COCOAPODS: 1.0.1
