// !$*UTF8*$!
{
	archiveVersion = 1;
	classes = {
	};
	objectVersion = 46;
	objects = {

/* Begin PBXBuildFile section */
		4411C74B1D76C28400047660 /* GoogleService-Info.plist in Resources */ = {isa = PBXBuildFile; fileRef = 4411C74A1D76C28400047660 /* GoogleService-Info.plist */; };
		4421C1B21E72C8DE00BD48C4 /* PartialTransparentView.m in Sources */ = {isa = PBXBuildFile; fileRef = 4421C1B11E72C8DE00BD48C4 /* PartialTransparentView.m */; };
		442A502A1D8570A600769A2A /* CustomForumManagerTableViewController.swift in Sources */ = {isa = PBXBuildFile; fileRef = 442A50291D8570A600769A2A /* CustomForumManagerTableViewController.swift */; };
		443342A41D5F568B00EDFA8F /* Configuration.swift in Sources */ = {isa = PBXBuildFile; fileRef = 443342A31D5F568B00EDFA8F /* Configuration.swift */; };
		443342A71D5F576F00EDFA8F /* AFHTTPSessionManager+Util.swift in Sources */ = {isa = PBXBuildFile; fileRef = 443342A61D5F576F00EDFA8F /* AFHTTPSessionManager+Util.swift */; };
		443342A91D5F5A3800EDFA8F /* ActionTableViewCell.swift in Sources */ = {isa = PBXBuildFile; fileRef = 443342A81D5F5A3800EDFA8F /* ActionTableViewCell.swift */; };
		44397D581D670A80005B44AA /* WebViewGuardDog.swift in Sources */ = {isa = PBXBuildFile; fileRef = 44397D571D670A80005B44AA /* WebViewGuardDog.swift */; };
		44397D5F1D6942E7005B44AA /* SVWebViewProtocol.swift in Sources */ = {isa = PBXBuildFile; fileRef = 44397D5E1D6942E7005B44AA /* SVWebViewProtocol.swift */; };
		44397D671D6953FB005B44AA /* UIApplication+Util.swift in Sources */ = {isa = PBXBuildFile; fileRef = 44397D661D6953FB005B44AA /* UIApplication+Util.swift */; };
		44397D6C1D695AA5005B44AA /* AddForum.storyboard in Resources */ = {isa = PBXBuildFile; fileRef = 44397D6B1D695AA5005B44AA /* AddForum.storyboard */; };
		44397D721D695C00005B44AA /* RoundCornerBorderedButton.swift in Sources */ = {isa = PBXBuildFile; fileRef = 44397D711D695C00005B44AA /* RoundCornerBorderedButton.swift */; };
		44397D741D695D4D005B44AA /* AddForumTableViewController.swift in Sources */ = {isa = PBXBuildFile; fileRef = 44397D731D695D4D005B44AA /* AddForumTableViewController.swift */; };
		44397D761D695D65005B44AA /* ForumTextInputViewController.swift in Sources */ = {isa = PBXBuildFile; fileRef = 44397D751D695D65005B44AA /* ForumTextInputViewController.swift */; };
		44496F531D5985A6005875DD /* AppDelegate.swift in Sources */ = {isa = PBXBuildFile; fileRef = 44496F521D5985A6005875DD /* AppDelegate.swift */; };
		44496F581D5985A6005875DD /* Main.storyboard in Resources */ = {isa = PBXBuildFile; fileRef = 44496F561D5985A6005875DD /* Main.storyboard */; };
		44496F5A1D5985A6005875DD /* Assets.xcassets in Resources */ = {isa = PBXBuildFile; fileRef = 44496F591D5985A6005875DD /* Assets.xcassets */; };
		44496F5D1D5985A6005875DD /* LaunchScreen.storyboard in Resources */ = {isa = PBXBuildFile; fileRef = 44496F5B1D5985A6005875DD /* LaunchScreen.storyboard */; };
		44496F681D5985A6005875DD /* KomicaViewerTests.swift in Sources */ = {isa = PBXBuildFile; fileRef = 44496F671D5985A6005875DD /* KomicaViewerTests.swift */; };
		44575A2F1E01822F00B3A941 /* settings.png in Resources */ = {isa = PBXBuildFile; fileRef = 44575A2C1E01822F00B3A941 /* settings.png */; };
		44575A301E01822F00B3A941 /* settings@2x.png in Resources */ = {isa = PBXBuildFile; fileRef = 44575A2D1E01822F00B3A941 /* settings@2x.png */; };
		44575A311E01822F00B3A941 /* settings@3x.png in Resources */ = {isa = PBXBuildFile; fileRef = 44575A2E1E01822F00B3A941 /* settings@3x.png */; };
		44575A331E01826700B3A941 /* Settings.storyboard in Resources */ = {isa = PBXBuildFile; fileRef = 44575A321E01826700B3A941 /* Settings.storyboard */; };
		44575A351E01834E00B3A941 /* SettingsTableViewController.swift in Sources */ = {isa = PBXBuildFile; fileRef = 44575A341E01834E00B3A941 /* SettingsTableViewController.swift */; };
		445A305F1D864EF0007FFE0C /* ThreadTableViewCellUIActions.swift in Sources */ = {isa = PBXBuildFile; fileRef = 445A305E1D864EF0007FFE0C /* ThreadTableViewCellUIActions.swift */; };
		44655D471D5AD24700229404 /* ReferenceProxy in Frameworks */ = {isa = PBXBuildFile; fileRef = 44655D401D5AD15400229404 /* KomicaEngine.framework */; };
		44655D481D5AD24700229404 /* ReferenceProxy in Embed Frameworks */ = {isa = PBXBuildFile; fileRef = 44655D401D5AD15400229404 /* KomicaEngine.framework */; settings = {ATTRIBUTES = (CodeSignOnCopy, RemoveHeadersOnCopy, ); }; };
		44655D751D5AEF7900229404 /* HomeTableViewController.swift in Sources */ = {isa = PBXBuildFile; fileRef = 44655D741D5AEF7900229404 /* HomeTableViewController.swift */; };
		44655D771D5AEF8E00229404 /* ForumPickerTableViewController.swift in Sources */ = {isa = PBXBuildFile; fileRef = 44655D761D5AEF8E00229404 /* ForumPickerTableViewController.swift */; };
		44655D7A1D5AFDAB00229404 /* Forums.swift in Sources */ = {isa = PBXBuildFile; fileRef = 44655D791D5AFDAB00229404 /* Forums.swift */; };
		446714441E531B33002C6339 /* youtube-play-button.png in Resources */ = {isa = PBXBuildFile; fileRef = 446714431E531B32002C6339 /* youtube-play-button.png */; };
		447664F71E03F48F00A06138 /* IAPHelper.swift in Sources */ = {isa = PBXBuildFile; fileRef = 447664F61E03F48F00A06138 /* IAPHelper.swift */; };
		447665561E067A7D00A06138 /* MessagePopup.swift in Sources */ = {isa = PBXBuildFile; fileRef = 447665551E067A7D00A06138 /* MessagePopup.swift */; };
		447EF1C31D5C832D00FE5D88 /* TableViewControllerBulkUpdateProtocol.swift in Sources */ = {isa = PBXBuildFile; fileRef = 447EF1C21D5C832D00FE5D88 /* TableViewControllerBulkUpdateProtocol.swift */; };
		448C1E781D76CE5D007187DB /* AdConfiguration.swift in Sources */ = {isa = PBXBuildFile; fileRef = 448C1E771D76CE5D007187DB /* AdConfiguration.swift */; };
		44902F0F1D857B3E003848AF /* ForumQRScannerViewController.swift in Sources */ = {isa = PBXBuildFile; fileRef = 44902F0E1D857B3E003848AF /* ForumQRScannerViewController.swift */; };
		449B210C1D7D1A21006AA091 /* BlockedUserManager.swift in Sources */ = {isa = PBXBuildFile; fileRef = 449B210B1D7D1A21006AA091 /* BlockedUserManager.swift */; };
		44A65A971D5DBB0100A4DDE6 /* CPLoadFromNibView.m in Sources */ = {isa = PBXBuildFile; fileRef = 44A65A941D5DBB0100A4DDE6 /* CPLoadFromNibView.m */; };
		44A65A981D5DBB0100A4DDE6 /* UIView+Util.m in Sources */ = {isa = PBXBuildFile; fileRef = 44A65A961D5DBB0100A4DDE6 /* UIView+Util.m */; };
		44A65AA01D5DC7F500A4DDE6 /* ParasitePostTableViewController.swift in Sources */ = {isa = PBXBuildFile; fileRef = 44A65A9F1D5DC7F500A4DDE6 /* ParasitePostTableViewController.swift */; };
		44A65AA21D5DDA3300A4DDE6 /* UIColor+RGB.swift in Sources */ = {isa = PBXBuildFile; fileRef = 44A65AA11D5DDA3300A4DDE6 /* UIColor+RGB.swift */; };
		44A65AAB1D5DEE1000A4DDE6 /* UIViewController+ProgressBar.swift in Sources */ = {isa = PBXBuildFile; fileRef = 44A65AAA1D5DEE1000A4DDE6 /* UIViewController+ProgressBar.swift */; };
		44ADCC081D85951600699BAC /* ShowForumQRCodeViewController.swift in Sources */ = {isa = PBXBuildFile; fileRef = 44ADCC071D85951600699BAC /* ShowForumQRCodeViewController.swift */; };
		44B1E5E31DC9F58F00CCF6F0 /* WebMPlayerViewController.swift in Sources */ = {isa = PBXBuildFile; fileRef = 44B1E5E21DC9F58F00CCF6F0 /* WebMPlayerViewController.swift */; };
		44BB92821D88ED7A00A29EB5 /* UIViewControllerMWPhotoBrowserProtocol.swift in Sources */ = {isa = PBXBuildFile; fileRef = 44BB92811D88ED7A00A29EB5 /* UIViewControllerMWPhotoBrowserProtocol.swift */; };
		44BD39751D5B1E510070E0CB /* Logger.swift in Sources */ = {isa = PBXBuildFile; fileRef = 44BD39741D5B1E510070E0CB /* Logger.swift */; };
		44BD39791D5B27690070E0CB /* ThreadTableViewCell.swift in Sources */ = {isa = PBXBuildFile; fileRef = 44BD39781D5B27690070E0CB /* ThreadTableViewCell.swift */; };
		44BD397D1D5B5AA70070E0CB /* ThreadTableViewCell.xib in Resources */ = {isa = PBXBuildFile; fileRef = 44BD397C1D5B5AA70070E0CB /* ThreadTableViewCell.xib */; };
		44BD39801D5B5E180070E0CB /* ThreadTableViewController.swift in Sources */ = {isa = PBXBuildFile; fileRef = 44BD397F1D5B5E180070E0CB /* ThreadTableViewController.swift */; };
		44BD39821D5B5F310070E0CB /* ThreadTableViewControllerProtocol.swift in Sources */ = {isa = PBXBuildFile; fileRef = 44BD39811D5B5F310070E0CB /* ThreadTableViewControllerProtocol.swift */; };
		44BD39861D5B74ED0070E0CB /* UIView+SuperCell.swift in Sources */ = {isa = PBXBuildFile; fileRef = 44BD39851D5B74ED0070E0CB /* UIView+SuperCell.swift */; };
		44C25D1D1D8998650066888E /* ReferenceProxy in Embed Frameworks */ = {isa = PBXBuildFile; fileRef = 44C25D191D89984C0066888E /* DTCoreText.framework */; settings = {ATTRIBUTES = (CodeSignOnCopy, RemoveHeadersOnCopy, ); }; };
		44F48EBC1D5D3F0700519C1B /* ProgressHUD.swift in Sources */ = {isa = PBXBuildFile; fileRef = 44F48EBB1D5D3F0700519C1B /* ProgressHUD.swift */; };
		44FBD8251D899D1800ACA2C8 /* ReferenceProxy in Frameworks */ = {isa = PBXBuildFile; fileRef = 44FBD81E1D899D0A00ACA2C8 /* DTFoundation.framework */; };
		44FBD8261D899D2100ACA2C8 /* ReferenceProxy in Embed Frameworks */ = {isa = PBXBuildFile; fileRef = 44FBD81E1D899D0A00ACA2C8 /* DTFoundation.framework */; settings = {ATTRIBUTES = (CodeSignOnCopy, RemoveHeadersOnCopy, ); }; };
		8E7FE4381DD014DA47A44100 /* Pods_KomicaViewer.framework in Frameworks */ = {isa = PBXBuildFile; fileRef = 21C3A364A9DD0DDE230355EF /* Pods_KomicaViewer.framework */; };
		A626FE4C1E96D311C76B1EF2 /* Pods_KomicaViewer_KomicaViewerTests.framework in Frameworks */ = {isa = PBXBuildFile; fileRef = B9888890F89082B45414F82C /* Pods_KomicaViewer_KomicaViewerTests.framework */; };
		B20E87BADB21FFDFDA78476B /* Pods_KomicaViewerTests.framework in Frameworks */ = {isa = PBXBuildFile; fileRef = 5B832635AE945C0A0AE7FB38 /* Pods_KomicaViewerTests.framework */; };
		BCE55B9E9BB5B372EA0A346B /* BuildFile in Frameworks */ = {isa = PBXBuildFile; };
/* End PBXBuildFile section */

/* Begin PBXContainerItemProxy section */
		44496F641D5985A6005875DD /* PBXContainerItemProxy */ = {
			isa = PBXContainerItemProxy;
			containerPortal = 44496F471D5985A6005875DD /* Project object */;
			proxyType = 1;
			remoteGlobalIDString = 44496F4E1D5985A6005875DD;
			remoteInfo = KomicaViewer;
		};
		44655D3F1D5AD15400229404 /* PBXContainerItemProxy */ = {
			isa = PBXContainerItemProxy;
			containerPortal = 44655D3A1D5AD15400229404 /* KomicaEngine.xcodeproj */;
			proxyType = 2;
			remoteGlobalIDString = 4453D1D91CB662A10076ABE7;
			remoteInfo = KomicaEngine;
		};
		44655D411D5AD15400229404 /* PBXContainerItemProxy */ = {
			isa = PBXContainerItemProxy;
			containerPortal = 44655D3A1D5AD15400229404 /* KomicaEngine.xcodeproj */;
			proxyType = 2;
			remoteGlobalIDString = 4453D1E31CB662A10076ABE7;
			remoteInfo = KomicaEngineTests;
		};
		44655D491D5AD24700229404 /* PBXContainerItemProxy */ = {
			isa = PBXContainerItemProxy;
			containerPortal = 44655D3A1D5AD15400229404 /* KomicaEngine.xcodeproj */;
			proxyType = 1;
			remoteGlobalIDString = 4453D1D81CB662A10076ABE7;
			remoteInfo = KomicaEngine;
		};
		44C25D0C1D89984C0066888E /* PBXContainerItemProxy */ = {
			isa = PBXContainerItemProxy;
			containerPortal = 44C25D011D89984C0066888E /* DTCoreText.xcodeproj */;
			proxyType = 2;
			remoteGlobalIDString = 1D6058910D05DD3D006BFB54;
			remoteInfo = DemoApp;
		};
		44C25D0E1D89984C0066888E /* PBXContainerItemProxy */ = {
			isa = PBXContainerItemProxy;
			containerPortal = 44C25D011D89984C0066888E /* DTCoreText.xcodeproj */;
			proxyType = 2;
			remoteGlobalIDString = A70F11DE148632CD009202BF;
			remoteInfo = "Static Library";
		};
		44C25D101D89984C0066888E /* PBXContainerItemProxy */ = {
			isa = PBXContainerItemProxy;
			containerPortal = 44C25D011D89984C0066888E /* DTCoreText.xcodeproj */;
			proxyType = 2;
			remoteGlobalIDString = A788CA681486456100E1AFD9;
			remoteInfo = UnitTest;
		};
		44C25D121D89984C0066888E /* PBXContainerItemProxy */ = {
			isa = PBXContainerItemProxy;
			containerPortal = 44C25D011D89984C0066888E /* DTCoreText.xcodeproj */;
			proxyType = 2;
			remoteGlobalIDString = A78D9F781965B7DD00C80986;
			remoteInfo = MacUnitTest;
		};
		44C25D141D89984C0066888E /* PBXContainerItemProxy */ = {
			isa = PBXContainerItemProxy;
			containerPortal = 44C25D011D89984C0066888E /* DTCoreText.xcodeproj */;
			proxyType = 2;
			remoteGlobalIDString = A7F7EFCD1573603100F5A4D0;
			remoteInfo = "Static Library (no DTFoundation)";
		};
		44C25D161D89984C0066888E /* PBXContainerItemProxy */ = {
			isa = PBXContainerItemProxy;
			containerPortal = 44C25D011D89984C0066888E /* DTCoreText.xcodeproj */;
			proxyType = 2;
			remoteGlobalIDString = E2262DC61638331500BFDAD7;
			remoteInfo = "DTCoreText (Mac)";
		};
		44C25D181D89984C0066888E /* PBXContainerItemProxy */ = {
			isa = PBXContainerItemProxy;
			containerPortal = 44C25D011D89984C0066888E /* DTCoreText.xcodeproj */;
			proxyType = 2;
			remoteGlobalIDString = A79BA6201B46A1FB0086C2F6;
			remoteInfo = "DTCoreText (iOS)";
		};
		44FBD7CB1D899C1900ACA2C8 /* PBXContainerItemProxy */ = {
			isa = PBXContainerItemProxy;
			containerPortal = 44C25D011D89984C0066888E /* DTCoreText.xcodeproj */;
			proxyType = 1;
			remoteGlobalIDString = A79BA61F1B46A1FB0086C2F6;
			remoteInfo = "DTCoreText (iOS)";
		};
		44FBD7ED1D899D0A00ACA2C8 /* PBXContainerItemProxy */ = {
			isa = PBXContainerItemProxy;
			containerPortal = 44FBD7CE1D899D0A00ACA2C8 /* DTFoundation.xcodeproj */;
			proxyType = 2;
			remoteGlobalIDString = A70B4CE71486637E00873A4A;
			remoteInfo = "Static Library";
		};
		44FBD7EF1D899D0A00ACA2C8 /* PBXContainerItemProxy */ = {
			isa = PBXContainerItemProxy;
			containerPortal = 44FBD7CE1D899D0A00ACA2C8 /* DTFoundation.xcodeproj */;
			proxyType = 2;
			remoteGlobalIDString = 384470EB1BA3330F0037C68D;
			remoteInfo = "Static Library (tvOS)";
		};
		44FBD7F11D899D0A00ACA2C8 /* PBXContainerItemProxy */ = {
			isa = PBXContainerItemProxy;
			containerPortal = 44FBD7CE1D899D0A00ACA2C8 /* DTFoundation.xcodeproj */;
			proxyType = 2;
			remoteGlobalIDString = A710A5001607556000437D36;
			remoteInfo = "Static Library (Mac)";
		};
		44FBD7F31D899D0A00ACA2C8 /* PBXContainerItemProxy */ = {
			isa = PBXContainerItemProxy;
			containerPortal = 44FBD7CE1D899D0A00ACA2C8 /* DTFoundation.xcodeproj */;
			proxyType = 2;
			remoteGlobalIDString = A7AC21AF196417830009E1B9;
			remoteInfo = "DTAnimatedGIF (iOS)";
		};
		44FBD7F51D899D0A00ACA2C8 /* PBXContainerItemProxy */ = {
			isa = PBXContainerItemProxy;
			containerPortal = 44FBD7CE1D899D0A00ACA2C8 /* DTFoundation.xcodeproj */;
			proxyType = 2;
			remoteGlobalIDString = A79D999C1792D1F50082BC06;
			remoteInfo = "DTAWS (iOS)";
		};
		44FBD7F71D899D0A00ACA2C8 /* PBXContainerItemProxy */ = {
			isa = PBXContainerItemProxy;
			containerPortal = 44FBD7CE1D899D0A00ACA2C8 /* DTFoundation.xcodeproj */;
			proxyType = 2;
			remoteGlobalIDString = FA9CB80C17ABDEF200A596C5;
			remoteInfo = "DTASN1 (iOS)";
		};
		44FBD7F91D899D0A00ACA2C8 /* PBXContainerItemProxy */ = {
			isa = PBXContainerItemProxy;
			containerPortal = 44FBD7CE1D899D0A00ACA2C8 /* DTFoundation.xcodeproj */;
			proxyType = 2;
			remoteGlobalIDString = A7E383C2160DFEDB00CF72D6;
			remoteInfo = "DTHTMLParser (iOS)";
		};
		44FBD7FB1D899D0A00ACA2C8 /* PBXContainerItemProxy */ = {
			isa = PBXContainerItemProxy;
			containerPortal = 44FBD7CE1D899D0A00ACA2C8 /* DTFoundation.xcodeproj */;
			proxyType = 2;
			remoteGlobalIDString = 3D7CE547166613B60028D339;
			remoteInfo = "DTHTMLParser (Mac)";
		};
		44FBD7FD1D899D0A00ACA2C8 /* PBXContainerItemProxy */ = {
			isa = PBXContainerItemProxy;
			containerPortal = 44FBD7CE1D899D0A00ACA2C8 /* DTFoundation.xcodeproj */;
			proxyType = 2;
			remoteGlobalIDString = F88FF6801920A83300120808;
			remoteInfo = "DTProgressHUD (iOS)";
		};
		44FBD7FF1D899D0A00ACA2C8 /* PBXContainerItemProxy */ = {
			isa = PBXContainerItemProxy;
			containerPortal = 44FBD7CE1D899D0A00ACA2C8 /* DTFoundation.xcodeproj */;
			proxyType = 2;
			remoteGlobalIDString = A72121DA173BFFB1003C6F0A;
			remoteInfo = "DTReachability (iOS)";
		};
		44FBD8011D899D0A00ACA2C8 /* PBXContainerItemProxy */ = {
			isa = PBXContainerItemProxy;
			containerPortal = 44FBD7CE1D899D0A00ACA2C8 /* DTFoundation.xcodeproj */;
			proxyType = 2;
			remoteGlobalIDString = A72121EA173BFFED003C6F0A;
			remoteInfo = "DTReachability (Mac)";
		};
		44FBD8031D899D0A00ACA2C8 /* PBXContainerItemProxy */ = {
			isa = PBXContainerItemProxy;
			containerPortal = 44FBD7CE1D899D0A00ACA2C8 /* DTFoundation.xcodeproj */;
			proxyType = 2;
			remoteGlobalIDString = A7C92B7A174FB8900019D70A;
			remoteInfo = "DTSQLite (iOS)";
		};
		44FBD8051D899D0A00ACA2C8 /* PBXContainerItemProxy */ = {
			isa = PBXContainerItemProxy;
			containerPortal = 44FBD7CE1D899D0A00ACA2C8 /* DTFoundation.xcodeproj */;
			proxyType = 2;
			remoteGlobalIDString = A7C92B8C174FB9720019D70A;
			remoteInfo = "DTSQLite (Mac)";
		};
		44FBD8071D899D0A00ACA2C8 /* PBXContainerItemProxy */ = {
			isa = PBXContainerItemProxy;
			containerPortal = 44FBD7CE1D899D0A00ACA2C8 /* DTFoundation.xcodeproj */;
			proxyType = 2;
			remoteGlobalIDString = A78220BA168060CA005B602D;
			remoteInfo = "DTUTI (iOS)";
		};
		44FBD8091D899D0A00ACA2C8 /* PBXContainerItemProxy */ = {
			isa = PBXContainerItemProxy;
			containerPortal = 44FBD7CE1D899D0A00ACA2C8 /* DTFoundation.xcodeproj */;
			proxyType = 2;
			remoteGlobalIDString = A7E889A416A9B190009EF0DF;
			remoteInfo = "DTUTI (Mac)";
		};
		44FBD80B1D899D0A00ACA2C8 /* PBXContainerItemProxy */ = {
			isa = PBXContainerItemProxy;
			containerPortal = 44FBD7CE1D899D0A00ACA2C8 /* DTFoundation.xcodeproj */;
			proxyType = 2;
			remoteGlobalIDString = A7E383DA160DFF8600CF72D6;
			remoteInfo = "DTZipArchive (iOS)";
		};
		44FBD80D1D899D0A00ACA2C8 /* PBXContainerItemProxy */ = {
			isa = PBXContainerItemProxy;
			containerPortal = 44FBD7CE1D899D0A00ACA2C8 /* DTFoundation.xcodeproj */;
			proxyType = 2;
			remoteGlobalIDString = A7D8C7C21723174600025675;
			remoteInfo = "DTZipArchive (Mac)";
		};
		44FBD80F1D899D0A00ACA2C8 /* PBXContainerItemProxy */ = {
			isa = PBXContainerItemProxy;
			containerPortal = 44FBD7CE1D899D0A00ACA2C8 /* DTFoundation.xcodeproj */;
			proxyType = 2;
			remoteGlobalIDString = A78381C31963F8D700AF09D3;
			remoteInfo = "DTAnimatedGIF Demo";
		};
		44FBD8111D899D0A00ACA2C8 /* PBXContainerItemProxy */ = {
			isa = PBXContainerItemProxy;
			containerPortal = 44FBD7CE1D899D0A00ACA2C8 /* DTFoundation.xcodeproj */;
			proxyType = 2;
			remoteGlobalIDString = F88FF6A51920AAB600120808;
			remoteInfo = "DTProgressHUD Demo";
		};
		44FBD8131D899D0A00ACA2C8 /* PBXContainerItemProxy */ = {
			isa = PBXContainerItemProxy;
			containerPortal = 44FBD7CE1D899D0A00ACA2C8 /* DTFoundation.xcodeproj */;
			proxyType = 2;
			remoteGlobalIDString = A7D9D62D1758C89800C29B6F;
			remoteInfo = "DTReachability Demo";
		};
		44FBD8151D899D0A00ACA2C8 /* PBXContainerItemProxy */ = {
			isa = PBXContainerItemProxy;
			containerPortal = 44FBD7CE1D899D0A00ACA2C8 /* DTFoundation.xcodeproj */;
			proxyType = 2;
			remoteGlobalIDString = A70D74D01743AFBC00E6E626;
			remoteInfo = "DTSidePanels Demo";
		};
		44FBD8171D899D0A00ACA2C8 /* PBXContainerItemProxy */ = {
			isa = PBXContainerItemProxy;
			containerPortal = 44FBD7CE1D899D0A00ACA2C8 /* DTFoundation.xcodeproj */;
			proxyType = 2;
			remoteGlobalIDString = FAF37A2017AFDD93009AC27C;
			remoteInfo = "DTZipArchive Demo";
		};
		44FBD8191D899D0A00ACA2C8 /* PBXContainerItemProxy */ = {
			isa = PBXContainerItemProxy;
			containerPortal = 44FBD7CE1D899D0A00ACA2C8 /* DTFoundation.xcodeproj */;
			proxyType = 2;
			remoteGlobalIDString = FAC284E619B84B5F0010C385;
			remoteInfo = "DTActionSheet Demo";
		};
		44FBD81B1D899D0A00ACA2C8 /* PBXContainerItemProxy */ = {
			isa = PBXContainerItemProxy;
			containerPortal = 44FBD7CE1D899D0A00ACA2C8 /* DTFoundation.xcodeproj */;
			proxyType = 2;
			remoteGlobalIDString = A7917C77191A312600964D63;
			remoteInfo = "Unit Tests";
		};
		44FBD81D1D899D0A00ACA2C8 /* PBXContainerItemProxy */ = {
			isa = PBXContainerItemProxy;
			containerPortal = 44FBD7CE1D899D0A00ACA2C8 /* DTFoundation.xcodeproj */;
			proxyType = 2;
			remoteGlobalIDString = A7EA07B81A2B2F6A00B61CCE;
			remoteInfo = "DTFoundation (iOS)";
		};
		44FBD81F1D899D0A00ACA2C8 /* PBXContainerItemProxy */ = {
			isa = PBXContainerItemProxy;
			containerPortal = 44FBD7CE1D899D0A00ACA2C8 /* DTFoundation.xcodeproj */;
			proxyType = 2;
			remoteGlobalIDString = A7EA07391A2B215200B61CCE;
			remoteInfo = "DTFoundation (OSX)";
		};
		44FBD8211D899D0A00ACA2C8 /* PBXContainerItemProxy */ = {
			isa = PBXContainerItemProxy;
			containerPortal = 44FBD7CE1D899D0A00ACA2C8 /* DTFoundation.xcodeproj */;
			proxyType = 2;
			remoteGlobalIDString = 384471551BA33ED80037C68D;
			remoteInfo = "DTFoundation (tvOS)";
		};
		44FBD8231D899D1100ACA2C8 /* PBXContainerItemProxy */ = {
			isa = PBXContainerItemProxy;
			containerPortal = 44FBD7CE1D899D0A00ACA2C8 /* DTFoundation.xcodeproj */;
			proxyType = 1;
			remoteGlobalIDString = A7EA07B71A2B2F6A00B61CCE;
			remoteInfo = "DTFoundation (iOS)";
		};
/* End PBXContainerItemProxy section */

/* Begin PBXCopyFilesBuildPhase section */
		44655D4B1D5AD24700229404 /* Embed Frameworks */ = {
			isa = PBXCopyFilesBuildPhase;
			buildActionMask = 2147483647;
			dstPath = "";
			dstSubfolderSpec = 10;
			files = (
				44FBD8261D899D2100ACA2C8 /* ReferenceProxy in Embed Frameworks */,
				44C25D1D1D8998650066888E /* ReferenceProxy in Embed Frameworks */,
				44655D481D5AD24700229404 /* ReferenceProxy in Embed Frameworks */,
			);
			name = "Embed Frameworks";
			runOnlyForDeploymentPostprocessing = 0;
		};
/* End PBXCopyFilesBuildPhase section */

/* Begin PBXFileReference section */
		02A139F19997710138CF16D2 /* Pods-KomicaViewer-KomicaViewerTests.release.xcconfig */ = {isa = PBXFileReference; includeInIndex = 1; lastKnownFileType = text.xcconfig; name = "Pods-KomicaViewer-KomicaViewerTests.release.xcconfig"; path = "Pods/Target Support Files/Pods-KomicaViewer-KomicaViewerTests/Pods-KomicaViewer-KomicaViewerTests.release.xcconfig"; sourceTree = "<group>"; };
		1F999914BCD5E6DBD4D5D973 /* Pods-KomicaViewer.release.xcconfig */ = {isa = PBXFileReference; includeInIndex = 1; lastKnownFileType = text.xcconfig; name = "Pods-KomicaViewer.release.xcconfig"; path = "Pods/Target Support Files/Pods-KomicaViewer/Pods-KomicaViewer.release.xcconfig"; sourceTree = "<group>"; };
		21C3A364A9DD0DDE230355EF /* Pods_KomicaViewer.framework */ = {isa = PBXFileReference; explicitFileType = wrapper.framework; includeInIndex = 0; path = Pods_KomicaViewer.framework; sourceTree = BUILT_PRODUCTS_DIR; };
		4411C74A1D76C28400047660 /* GoogleService-Info.plist */ = {isa = PBXFileReference; fileEncoding = 4; lastKnownFileType = text.plist.xml; path = "GoogleService-Info.plist"; sourceTree = "<group>"; };
		4421C1B01E72C8DE00BD48C4 /* PartialTransparentView.h */ = {isa = PBXFileReference; fileEncoding = 4; lastKnownFileType = sourcecode.c.h; path = PartialTransparentView.h; sourceTree = "<group>"; };
		4421C1B11E72C8DE00BD48C4 /* PartialTransparentView.m */ = {isa = PBXFileReference; fileEncoding = 4; lastKnownFileType = sourcecode.c.objc; path = PartialTransparentView.m; sourceTree = "<group>"; };
		442A50291D8570A600769A2A /* CustomForumManagerTableViewController.swift */ = {isa = PBXFileReference; fileEncoding = 4; lastKnownFileType = sourcecode.swift; path = CustomForumManagerTableViewController.swift; sourceTree = "<group>"; };
		443342A31D5F568B00EDFA8F /* Configuration.swift */ = {isa = PBXFileReference; fileEncoding = 4; lastKnownFileType = sourcecode.swift; path = Configuration.swift; sourceTree = "<group>"; };
		443342A61D5F576F00EDFA8F /* AFHTTPSessionManager+Util.swift */ = {isa = PBXFileReference; fileEncoding = 4; lastKnownFileType = sourcecode.swift; path = "AFHTTPSessionManager+Util.swift"; sourceTree = "<group>"; };
		443342A81D5F5A3800EDFA8F /* ActionTableViewCell.swift */ = {isa = PBXFileReference; fileEncoding = 4; lastKnownFileType = sourcecode.swift; path = ActionTableViewCell.swift; sourceTree = "<group>"; };
		44397D571D670A80005B44AA /* WebViewGuardDog.swift */ = {isa = PBXFileReference; fileEncoding = 4; lastKnownFileType = sourcecode.swift; path = WebViewGuardDog.swift; sourceTree = "<group>"; };
		44397D5E1D6942E7005B44AA /* SVWebViewProtocol.swift */ = {isa = PBXFileReference; fileEncoding = 4; lastKnownFileType = sourcecode.swift; path = SVWebViewProtocol.swift; sourceTree = "<group>"; };
		44397D661D6953FB005B44AA /* UIApplication+Util.swift */ = {isa = PBXFileReference; fileEncoding = 4; lastKnownFileType = sourcecode.swift; path = "UIApplication+Util.swift"; sourceTree = "<group>"; };
		44397D6B1D695AA5005B44AA /* AddForum.storyboard */ = {isa = PBXFileReference; fileEncoding = 4; lastKnownFileType = file.storyboard; path = AddForum.storyboard; sourceTree = "<group>"; };
		44397D711D695C00005B44AA /* RoundCornerBorderedButton.swift */ = {isa = PBXFileReference; fileEncoding = 4; lastKnownFileType = sourcecode.swift; path = RoundCornerBorderedButton.swift; sourceTree = "<group>"; };
		44397D731D695D4D005B44AA /* AddForumTableViewController.swift */ = {isa = PBXFileReference; fileEncoding = 4; lastKnownFileType = sourcecode.swift; path = AddForumTableViewController.swift; sourceTree = "<group>"; };
		44397D751D695D65005B44AA /* ForumTextInputViewController.swift */ = {isa = PBXFileReference; fileEncoding = 4; lastKnownFileType = sourcecode.swift; path = ForumTextInputViewController.swift; sourceTree = "<group>"; };
		44496F4F1D5985A6005875DD /* KomicaViewer.app */ = {isa = PBXFileReference; explicitFileType = wrapper.application; includeInIndex = 0; path = KomicaViewer.app; sourceTree = BUILT_PRODUCTS_DIR; };
		44496F521D5985A6005875DD /* AppDelegate.swift */ = {isa = PBXFileReference; lastKnownFileType = sourcecode.swift; path = AppDelegate.swift; sourceTree = "<group>"; };
		44496F571D5985A6005875DD /* Base */ = {isa = PBXFileReference; lastKnownFileType = file.storyboard; name = Base; path = Base.lproj/Main.storyboard; sourceTree = "<group>"; };
		44496F591D5985A6005875DD /* Assets.xcassets */ = {isa = PBXFileReference; lastKnownFileType = folder.assetcatalog; path = Assets.xcassets; sourceTree = "<group>"; };
		44496F5C1D5985A6005875DD /* Base */ = {isa = PBXFileReference; lastKnownFileType = file.storyboard; name = Base; path = Base.lproj/LaunchScreen.storyboard; sourceTree = "<group>"; };
		44496F5E1D5985A6005875DD /* Info.plist */ = {isa = PBXFileReference; lastKnownFileType = text.plist.xml; path = Info.plist; sourceTree = "<group>"; };
		44496F631D5985A6005875DD /* KomicaViewerTests.xctest */ = {isa = PBXFileReference; explicitFileType = wrapper.cfbundle; includeInIndex = 0; path = KomicaViewerTests.xctest; sourceTree = BUILT_PRODUCTS_DIR; };
		44496F671D5985A6005875DD /* KomicaViewerTests.swift */ = {isa = PBXFileReference; lastKnownFileType = sourcecode.swift; path = KomicaViewerTests.swift; sourceTree = "<group>"; };
		44496F691D5985A6005875DD /* Info.plist */ = {isa = PBXFileReference; lastKnownFileType = text.plist.xml; path = Info.plist; sourceTree = "<group>"; };
		44575A2C1E01822F00B3A941 /* settings.png */ = {isa = PBXFileReference; lastKnownFileType = image.png; path = settings.png; sourceTree = "<group>"; };
		44575A2D1E01822F00B3A941 /* settings@2x.png */ = {isa = PBXFileReference; lastKnownFileType = image.png; path = "settings@2x.png"; sourceTree = "<group>"; };
		44575A2E1E01822F00B3A941 /* settings@3x.png */ = {isa = PBXFileReference; lastKnownFileType = image.png; path = "settings@3x.png"; sourceTree = "<group>"; };
		44575A321E01826700B3A941 /* Settings.storyboard */ = {isa = PBXFileReference; fileEncoding = 4; lastKnownFileType = file.storyboard; path = Settings.storyboard; sourceTree = "<group>"; };
		44575A341E01834E00B3A941 /* SettingsTableViewController.swift */ = {isa = PBXFileReference; fileEncoding = 4; lastKnownFileType = sourcecode.swift; path = SettingsTableViewController.swift; sourceTree = "<group>"; };
		445A305E1D864EF0007FFE0C /* ThreadTableViewCellUIActions.swift */ = {isa = PBXFileReference; fileEncoding = 4; lastKnownFileType = sourcecode.swift; path = ThreadTableViewCellUIActions.swift; sourceTree = "<group>"; };
		44655D3A1D5AD15400229404 /* KomicaEngine.xcodeproj */ = {isa = PBXFileReference; lastKnownFileType = "wrapper.pb-project"; name = KomicaEngine.xcodeproj; path = ../../komicaengine/KomicaEngine.xcodeproj; sourceTree = "<group>"; };
		44655D741D5AEF7900229404 /* HomeTableViewController.swift */ = {isa = PBXFileReference; fileEncoding = 4; lastKnownFileType = sourcecode.swift; path = HomeTableViewController.swift; sourceTree = "<group>"; };
		44655D761D5AEF8E00229404 /* ForumPickerTableViewController.swift */ = {isa = PBXFileReference; fileEncoding = 4; lastKnownFileType = sourcecode.swift; path = ForumPickerTableViewController.swift; sourceTree = "<group>"; };
		44655D791D5AFDAB00229404 /* Forums.swift */ = {isa = PBXFileReference; fileEncoding = 4; lastKnownFileType = sourcecode.swift; path = Forums.swift; sourceTree = "<group>"; };
		446714431E531B32002C6339 /* youtube-play-button.png */ = {isa = PBXFileReference; lastKnownFileType = image.png; path = "youtube-play-button.png"; sourceTree = "<group>"; };
		447664F61E03F48F00A06138 /* IAPHelper.swift */ = {isa = PBXFileReference; fileEncoding = 4; lastKnownFileType = sourcecode.swift; path = IAPHelper.swift; sourceTree = "<group>"; };
		447665551E067A7D00A06138 /* MessagePopup.swift */ = {isa = PBXFileReference; fileEncoding = 4; lastKnownFileType = sourcecode.swift; path = MessagePopup.swift; sourceTree = "<group>"; };
		447EF1C21D5C832D00FE5D88 /* TableViewControllerBulkUpdateProtocol.swift */ = {isa = PBXFileReference; fileEncoding = 4; lastKnownFileType = sourcecode.swift; path = TableViewControllerBulkUpdateProtocol.swift; sourceTree = "<group>"; };
		448C1E771D76CE5D007187DB /* AdConfiguration.swift */ = {isa = PBXFileReference; fileEncoding = 4; lastKnownFileType = sourcecode.swift; path = AdConfiguration.swift; sourceTree = "<group>"; };
		44902F0E1D857B3E003848AF /* ForumQRScannerViewController.swift */ = {isa = PBXFileReference; fileEncoding = 4; lastKnownFileType = sourcecode.swift; path = ForumQRScannerViewController.swift; sourceTree = "<group>"; };
		449B210B1D7D1A21006AA091 /* BlockedUserManager.swift */ = {isa = PBXFileReference; fileEncoding = 4; lastKnownFileType = sourcecode.swift; path = BlockedUserManager.swift; sourceTree = "<group>"; };
		44A65A931D5DBB0100A4DDE6 /* CPLoadFromNibView.h */ = {isa = PBXFileReference; fileEncoding = 4; lastKnownFileType = sourcecode.c.h; path = CPLoadFromNibView.h; sourceTree = "<group>"; };
		44A65A941D5DBB0100A4DDE6 /* CPLoadFromNibView.m */ = {isa = PBXFileReference; fileEncoding = 4; lastKnownFileType = sourcecode.c.objc; path = CPLoadFromNibView.m; sourceTree = "<group>"; };
		44A65A951D5DBB0100A4DDE6 /* UIView+Util.h */ = {isa = PBXFileReference; fileEncoding = 4; lastKnownFileType = sourcecode.c.h; path = "UIView+Util.h"; sourceTree = "<group>"; };
		44A65A961D5DBB0100A4DDE6 /* UIView+Util.m */ = {isa = PBXFileReference; fileEncoding = 4; lastKnownFileType = sourcecode.c.objc; path = "UIView+Util.m"; sourceTree = "<group>"; };
		44A65A9B1D5DBB7200A4DDE6 /* KomicaViewer-bridging-header.h */ = {isa = PBXFileReference; lastKnownFileType = sourcecode.c.h; path = "KomicaViewer-bridging-header.h"; sourceTree = "<group>"; };
		44A65A9F1D5DC7F500A4DDE6 /* ParasitePostTableViewController.swift */ = {isa = PBXFileReference; fileEncoding = 4; lastKnownFileType = sourcecode.swift; path = ParasitePostTableViewController.swift; sourceTree = "<group>"; };
		44A65AA11D5DDA3300A4DDE6 /* UIColor+RGB.swift */ = {isa = PBXFileReference; fileEncoding = 4; lastKnownFileType = sourcecode.swift; path = "UIColor+RGB.swift"; sourceTree = "<group>"; };
		44A65AAA1D5DEE1000A4DDE6 /* UIViewController+ProgressBar.swift */ = {isa = PBXFileReference; fileEncoding = 4; lastKnownFileType = sourcecode.swift; path = "UIViewController+ProgressBar.swift"; sourceTree = "<group>"; };
		44ADCC071D85951600699BAC /* ShowForumQRCodeViewController.swift */ = {isa = PBXFileReference; fileEncoding = 4; lastKnownFileType = sourcecode.swift; path = ShowForumQRCodeViewController.swift; sourceTree = "<group>"; };
		44B1E5E21DC9F58F00CCF6F0 /* WebMPlayerViewController.swift */ = {isa = PBXFileReference; fileEncoding = 4; lastKnownFileType = sourcecode.swift; path = WebMPlayerViewController.swift; sourceTree = "<group>"; };
		44BB92811D88ED7A00A29EB5 /* UIViewControllerMWPhotoBrowserProtocol.swift */ = {isa = PBXFileReference; fileEncoding = 4; lastKnownFileType = sourcecode.swift; path = UIViewControllerMWPhotoBrowserProtocol.swift; sourceTree = "<group>"; };
		44BD39741D5B1E510070E0CB /* Logger.swift */ = {isa = PBXFileReference; fileEncoding = 4; lastKnownFileType = sourcecode.swift; path = Logger.swift; sourceTree = "<group>"; };
		44BD39781D5B27690070E0CB /* ThreadTableViewCell.swift */ = {isa = PBXFileReference; fileEncoding = 4; lastKnownFileType = sourcecode.swift; path = ThreadTableViewCell.swift; sourceTree = "<group>"; };
		44BD397C1D5B5AA70070E0CB /* ThreadTableViewCell.xib */ = {isa = PBXFileReference; fileEncoding = 4; lastKnownFileType = file.xib; path = ThreadTableViewCell.xib; sourceTree = "<group>"; };
		44BD397F1D5B5E180070E0CB /* ThreadTableViewController.swift */ = {isa = PBXFileReference; fileEncoding = 4; lastKnownFileType = sourcecode.swift; path = ThreadTableViewController.swift; sourceTree = "<group>"; };
		44BD39811D5B5F310070E0CB /* ThreadTableViewControllerProtocol.swift */ = {isa = PBXFileReference; fileEncoding = 4; lastKnownFileType = sourcecode.swift; name = ThreadTableViewControllerProtocol.swift; path = KomicaViewer/View/ThreadTableViewControllerProtocol.swift; sourceTree = SOURCE_ROOT; };
		44BD39851D5B74ED0070E0CB /* UIView+SuperCell.swift */ = {isa = PBXFileReference; fileEncoding = 4; lastKnownFileType = sourcecode.swift; path = "UIView+SuperCell.swift"; sourceTree = "<group>"; };
		44C25D011D89984C0066888E /* DTCoreText.xcodeproj */ = {isa = PBXFileReference; lastKnownFileType = "wrapper.pb-project"; name = DTCoreText.xcodeproj; path = ../../KomicaEngine/Externals/DTCoreText/DTCoreText.xcodeproj; sourceTree = "<group>"; };
		44F48EBB1D5D3F0700519C1B /* ProgressHUD.swift */ = {isa = PBXFileReference; fileEncoding = 4; lastKnownFileType = sourcecode.swift; path = ProgressHUD.swift; sourceTree = "<group>"; };
		44FBD7C91D899C0500ACA2C8 /* DTFoundation.framework */ = {isa = PBXFileReference; lastKnownFileType = wrapper.framework; name = DTFoundation.framework; path = "../../KomicaEngine/Externals/DTCoreText/Externals/DTFoundation/build/Debug-iphoneos/DTFoundation.framework"; sourceTree = "<group>"; };
		44FBD7CE1D899D0A00ACA2C8 /* DTFoundation.xcodeproj */ = {isa = PBXFileReference; lastKnownFileType = "wrapper.pb-project"; name = DTFoundation.xcodeproj; path = ../../KomicaEngine/Externals/DTCoreText/Externals/DTFoundation/DTFoundation.xcodeproj; sourceTree = "<group>"; };
		5B832635AE945C0A0AE7FB38 /* Pods_KomicaViewerTests.framework */ = {isa = PBXFileReference; explicitFileType = wrapper.framework; includeInIndex = 0; path = Pods_KomicaViewerTests.framework; sourceTree = BUILT_PRODUCTS_DIR; };
		9F0A0392FA0DA6C1927ACC66 /* Pods-KomicaViewerTests.debug.xcconfig */ = {isa = PBXFileReference; includeInIndex = 1; lastKnownFileType = text.xcconfig; name = "Pods-KomicaViewerTests.debug.xcconfig"; path = "Pods/Target Support Files/Pods-KomicaViewerTests/Pods-KomicaViewerTests.debug.xcconfig"; sourceTree = "<group>"; };
		B9888890F89082B45414F82C /* Pods_KomicaViewer_KomicaViewerTests.framework */ = {isa = PBXFileReference; explicitFileType = wrapper.framework; includeInIndex = 0; path = Pods_KomicaViewer_KomicaViewerTests.framework; sourceTree = BUILT_PRODUCTS_DIR; };
		C4E60A0BF1FCCC05D433E68E /* Pods-KomicaViewerTests.release.xcconfig */ = {isa = PBXFileReference; includeInIndex = 1; lastKnownFileType = text.xcconfig; name = "Pods-KomicaViewerTests.release.xcconfig"; path = "Pods/Target Support Files/Pods-KomicaViewerTests/Pods-KomicaViewerTests.release.xcconfig"; sourceTree = "<group>"; };
		DC7DAB90B7018AB9E394882B /* Pods-KomicaViewer.debug.xcconfig */ = {isa = PBXFileReference; includeInIndex = 1; lastKnownFileType = text.xcconfig; name = "Pods-KomicaViewer.debug.xcconfig"; path = "Pods/Target Support Files/Pods-KomicaViewer/Pods-KomicaViewer.debug.xcconfig"; sourceTree = "<group>"; };
		F8BD662B1EAC34FEA48F9CA3 /* Pods-KomicaViewer-KomicaViewerTests.debug.xcconfig */ = {isa = PBXFileReference; includeInIndex = 1; lastKnownFileType = text.xcconfig; name = "Pods-KomicaViewer-KomicaViewerTests.debug.xcconfig"; path = "Pods/Target Support Files/Pods-KomicaViewer-KomicaViewerTests/Pods-KomicaViewer-KomicaViewerTests.debug.xcconfig"; sourceTree = "<group>"; };
/* End PBXFileReference section */

/* Begin PBXFrameworksBuildPhase section */
		44496F4C1D5985A6005875DD /* Frameworks */ = {
			isa = PBXFrameworksBuildPhase;
			buildActionMask = 2147483647;
			files = (
				44FBD8251D899D1800ACA2C8 /* ReferenceProxy in Frameworks */,
				44655D471D5AD24700229404 /* ReferenceProxy in Frameworks */,
				8E7FE4381DD014DA47A44100 /* Pods_KomicaViewer.framework in Frameworks */,
			);
			runOnlyForDeploymentPostprocessing = 0;
		};
		44496F601D5985A6005875DD /* Frameworks */ = {
			isa = PBXFrameworksBuildPhase;
			buildActionMask = 2147483647;
			files = (
				A626FE4C1E96D311C76B1EF2 /* Pods_KomicaViewer_KomicaViewerTests.framework in Frameworks */,
				BCE55B9E9BB5B372EA0A346B /* BuildFile in Frameworks */,
				B20E87BADB21FFDFDA78476B /* Pods_KomicaViewerTests.framework in Frameworks */,
			);
			runOnlyForDeploymentPostprocessing = 0;
		};
/* End PBXFrameworksBuildPhase section */

/* Begin PBXGroup section */
		059569334176F9517103DF5F /* Pods */ = {
			isa = PBXGroup;
			children = (
				DC7DAB90B7018AB9E394882B /* Pods-KomicaViewer.debug.xcconfig */,
				1F999914BCD5E6DBD4D5D973 /* Pods-KomicaViewer.release.xcconfig */,
				F8BD662B1EAC34FEA48F9CA3 /* Pods-KomicaViewer-KomicaViewerTests.debug.xcconfig */,
				02A139F19997710138CF16D2 /* Pods-KomicaViewer-KomicaViewerTests.release.xcconfig */,
				9F0A0392FA0DA6C1927ACC66 /* Pods-KomicaViewerTests.debug.xcconfig */,
				C4E60A0BF1FCCC05D433E68E /* Pods-KomicaViewerTests.release.xcconfig */,
			);
			name = Pods;
			sourceTree = "<group>";
		};
		44397D6E1D695AB6005B44AA /* Storyboard */ = {
			isa = PBXGroup;
			children = (
				44496F561D5985A6005875DD /* Main.storyboard */,
				44397D6B1D695AA5005B44AA /* AddForum.storyboard */,
				44575A321E01826700B3A941 /* Settings.storyboard */,
			);
			path = Storyboard;
			sourceTree = "<group>";
		};
		44496F461D5985A6005875DD = {
			isa = PBXGroup;
			children = (
				44A65A9B1D5DBB7200A4DDE6 /* KomicaViewer-bridging-header.h */,
				44FBD7CE1D899D0A00ACA2C8 /* DTFoundation.xcodeproj */,
				44C25D011D89984C0066888E /* DTCoreText.xcodeproj */,
				44655D3A1D5AD15400229404 /* KomicaEngine.xcodeproj */,
				44496F511D5985A6005875DD /* KomicaViewer */,
				44496F661D5985A6005875DD /* KomicaViewerTests */,
				44496F501D5985A6005875DD /* Products */,
				059569334176F9517103DF5F /* Pods */,
				EB66FD301D4D76270A8DC709 /* Frameworks */,
			);
			sourceTree = "<group>";
		};
		44496F501D5985A6005875DD /* Products */ = {
			isa = PBXGroup;
			children = (
				44496F4F1D5985A6005875DD /* KomicaViewer.app */,
				44496F631D5985A6005875DD /* KomicaViewerTests.xctest */,
			);
			name = Products;
			sourceTree = "<group>";
		};
		44496F511D5985A6005875DD /* KomicaViewer */ = {
			isa = PBXGroup;
			children = (
				4411C74A1D76C28400047660 /* GoogleService-Info.plist */,
				44496F5E1D5985A6005875DD /* Info.plist */,
				44496F521D5985A6005875DD /* AppDelegate.swift */,
				44496F591D5985A6005875DD /* Assets.xcassets */,
				44575A2B1E01821900B3A941 /* Images */,
				44496F5B1D5985A6005875DD /* LaunchScreen.storyboard */,
				44655D781D5AF9F300229404 /* Model */,
				44397D6E1D695AB6005B44AA /* Storyboard */,
				44BD39731D5B1E510070E0CB /* Util */,
				44BD39771D5B27430070E0CB /* View */,
				44655D731D5AEF7900229404 /* ViewController */,
			);
			path = KomicaViewer;
			sourceTree = "<group>";
		};
		44496F661D5985A6005875DD /* KomicaViewerTests */ = {
			isa = PBXGroup;
			children = (
				44496F671D5985A6005875DD /* KomicaViewerTests.swift */,
				44496F691D5985A6005875DD /* Info.plist */,
			);
			path = KomicaViewerTests;
			sourceTree = "<group>";
		};
		44575A2B1E01821900B3A941 /* Images */ = {
			isa = PBXGroup;
			children = (
				446714431E531B32002C6339 /* youtube-play-button.png */,
				44575A2C1E01822F00B3A941 /* settings.png */,
				44575A2D1E01822F00B3A941 /* settings@2x.png */,
				44575A2E1E01822F00B3A941 /* settings@3x.png */,
			);
			path = Images;
			sourceTree = "<group>";
		};
		44655D3B1D5AD15400229404 /* Products */ = {
			isa = PBXGroup;
			children = (
				44655D401D5AD15400229404 /* KomicaEngine.framework */,
				44655D421D5AD15400229404 /* KomicaEngineTests.xctest */,
			);
			name = Products;
			sourceTree = "<group>";
		};
		44655D731D5AEF7900229404 /* ViewController */ = {
			isa = PBXGroup;
			children = (
				44655D741D5AEF7900229404 /* HomeTableViewController.swift */,
				44655D761D5AEF8E00229404 /* ForumPickerTableViewController.swift */,
				44575A341E01834E00B3A941 /* SettingsTableViewController.swift */,
				44BD397F1D5B5E180070E0CB /* ThreadTableViewController.swift */,
				44BD39811D5B5F310070E0CB /* ThreadTableViewControllerProtocol.swift */,
				447EF1C21D5C832D00FE5D88 /* TableViewControllerBulkUpdateProtocol.swift */,
				44A65A9F1D5DC7F500A4DDE6 /* ParasitePostTableViewController.swift */,
				44397D5E1D6942E7005B44AA /* SVWebViewProtocol.swift */,
				44397D731D695D4D005B44AA /* AddForumTableViewController.swift */,
				44397D751D695D65005B44AA /* ForumTextInputViewController.swift */,
				442A50291D8570A600769A2A /* CustomForumManagerTableViewController.swift */,
				44902F0E1D857B3E003848AF /* ForumQRScannerViewController.swift */,
				44ADCC071D85951600699BAC /* ShowForumQRCodeViewController.swift */,
				44BB92811D88ED7A00A29EB5 /* UIViewControllerMWPhotoBrowserProtocol.swift */,
				44B1E5E21DC9F58F00CCF6F0 /* WebMPlayerViewController.swift */,
			);
			path = ViewController;
			sourceTree = "<group>";
		};
		44655D781D5AF9F300229404 /* Model */ = {
			isa = PBXGroup;
			children = (
				448C1E771D76CE5D007187DB /* AdConfiguration.swift */,
				443342A31D5F568B00EDFA8F /* Configuration.swift */,
				44655D791D5AFDAB00229404 /* Forums.swift */,
				44397D571D670A80005B44AA /* WebViewGuardDog.swift */,
				449B210B1D7D1A21006AA091 /* BlockedUserManager.swift */,
			);
			path = Model;
			sourceTree = "<group>";
		};
		44A65A921D5DBB0100A4DDE6 /* LoadFromNibView */ = {
			isa = PBXGroup;
			children = (
				44A65A931D5DBB0100A4DDE6 /* CPLoadFromNibView.h */,
				44A65A941D5DBB0100A4DDE6 /* CPLoadFromNibView.m */,
				44A65A951D5DBB0100A4DDE6 /* UIView+Util.h */,
				44A65A961D5DBB0100A4DDE6 /* UIView+Util.m */,
			);
			path = LoadFromNibView;
			sourceTree = "<group>";
		};
		44BD39731D5B1E510070E0CB /* Util */ = {
			isa = PBXGroup;
			children = (
				443342A61D5F576F00EDFA8F /* AFHTTPSessionManager+Util.swift */,
				447664F61E03F48F00A06138 /* IAPHelper.swift */,
				44BD39741D5B1E510070E0CB /* Logger.swift */,
				447665551E067A7D00A06138 /* MessagePopup.swift */,
				44F48EBB1D5D3F0700519C1B /* ProgressHUD.swift */,
				4421C1B01E72C8DE00BD48C4 /* PartialTransparentView.h */,
				4421C1B11E72C8DE00BD48C4 /* PartialTransparentView.m */,
				44397D661D6953FB005B44AA /* UIApplication+Util.swift */,
				44A65AA11D5DDA3300A4DDE6 /* UIColor+RGB.swift */,
				44BD39851D5B74ED0070E0CB /* UIView+SuperCell.swift */,
			);
			path = Util;
			sourceTree = "<group>";
		};
		44BD39771D5B27430070E0CB /* View */ = {
			isa = PBXGroup;
			children = (
				44397D711D695C00005B44AA /* RoundCornerBorderedButton.swift */,
				44A65AAA1D5DEE1000A4DDE6 /* UIViewController+ProgressBar.swift */,
				44BD39781D5B27690070E0CB /* ThreadTableViewCell.swift */,
				44BD397C1D5B5AA70070E0CB /* ThreadTableViewCell.xib */,
				44A65A921D5DBB0100A4DDE6 /* LoadFromNibView */,
				443342A81D5F5A3800EDFA8F /* ActionTableViewCell.swift */,
				445A305E1D864EF0007FFE0C /* ThreadTableViewCellUIActions.swift */,
			);
			path = View;
			sourceTree = "<group>";
		};
		44C25D021D89984C0066888E /* Products */ = {
			isa = PBXGroup;
			children = (
				44C25D0D1D89984C0066888E /* RTDemoApp.app */,
				44C25D0F1D89984C0066888E /* libDTCoreText.a */,
				44C25D111D89984C0066888E /* UnitTest.xctest */,
				44C25D131D89984C0066888E /* MacUnitTest.xctest */,
				44C25D151D89984C0066888E /* libDTCoreText_no_DTFoundation.a */,
				44C25D171D89984C0066888E /* DTCoreText.framework */,
				44C25D191D89984C0066888E /* DTCoreText.framework */,
			);
			name = Products;
			sourceTree = "<group>";
		};
		44FBD7CF1D899D0A00ACA2C8 /* Products */ = {
			isa = PBXGroup;
			children = (
				44FBD7EE1D899D0A00ACA2C8 /* libDTFoundation.a */,
				44FBD7F01D899D0A00ACA2C8 /* libStatic Library (tvOS).a */,
				44FBD7F21D899D0A00ACA2C8 /* libDTFoundation_Mac.a */,
				44FBD7F41D899D0A00ACA2C8 /* libDTAnimatedGIF.a */,
				44FBD7F61D899D0A00ACA2C8 /* libDTAWS.a */,
				44FBD7F81D899D0A00ACA2C8 /* libDTASN1.a */,
				44FBD7FA1D899D0A00ACA2C8 /* libDTHTMLParser_iOS.a */,
				44FBD7FC1D899D0A00ACA2C8 /* libDTHTMLParser_Mac.a */,
				44FBD7FE1D899D0A00ACA2C8 /* libDTProgressHUD_iOS.a */,
				44FBD8001D899D0A00ACA2C8 /* libDTReachability_iOS.a */,
				44FBD8021D899D0A00ACA2C8 /* libDTReachability_Mac.a */,
				44FBD8041D899D0A00ACA2C8 /* libDTSQLite_iOS.a */,
				44FBD8061D899D0A00ACA2C8 /* libDTSQLite_Mac.a */,
				44FBD8081D899D0A00ACA2C8 /* libDTUTI_iOS.a */,
				44FBD80A1D899D0A00ACA2C8 /* libDTUTI_Mac.a */,
				44FBD80C1D899D0A00ACA2C8 /* libDTZipArchive_iOS.a */,
				44FBD80E1D899D0A00ACA2C8 /* libDTZipArchive_Mac.a */,
				44FBD8101D899D0A00ACA2C8 /* DTAnimatedGIF Demo.app */,
				44FBD8121D899D0A00ACA2C8 /* DTProgressHUD Demo.app */,
				44FBD8141D899D0A00ACA2C8 /* DTReachability Demo.app */,
				44FBD8161D899D0A00ACA2C8 /* DTSidePanels Demo.app */,
				44FBD8181D899D0A00ACA2C8 /* DTZipArchive.app */,
				44FBD81A1D899D0A00ACA2C8 /* DTActionSheet Demo.app */,
				44FBD81C1D899D0A00ACA2C8 /* Unit Tests.xctest */,
				44FBD81E1D899D0A00ACA2C8 /* DTFoundation.framework */,
				44FBD8201D899D0A00ACA2C8 /* DTFoundation.framework */,
				44FBD8221D899D0A00ACA2C8 /* DTFoundation.framework */,
			);
			name = Products;
			sourceTree = "<group>";
		};
		EB66FD301D4D76270A8DC709 /* Frameworks */ = {
			isa = PBXGroup;
			children = (
				44FBD7C91D899C0500ACA2C8 /* DTFoundation.framework */,
				21C3A364A9DD0DDE230355EF /* Pods_KomicaViewer.framework */,
				B9888890F89082B45414F82C /* Pods_KomicaViewer_KomicaViewerTests.framework */,
				5B832635AE945C0A0AE7FB38 /* Pods_KomicaViewerTests.framework */,
			);
			name = Frameworks;
			sourceTree = "<group>";
		};
/* End PBXGroup section */

/* Begin PBXNativeTarget section */
		44496F4E1D5985A6005875DD /* KomicaViewer */ = {
			isa = PBXNativeTarget;
			buildConfigurationList = 44496F6C1D5985A6005875DD /* Build configuration list for PBXNativeTarget "KomicaViewer" */;
			buildPhases = (
				7BF8544B2F5B3079BB66FB76 /* [CP] Check Pods Manifest.lock */,
				44496F4B1D5985A6005875DD /* Sources */,
				44496F4C1D5985A6005875DD /* Frameworks */,
				44496F4D1D5985A6005875DD /* Resources */,
				44655D4B1D5AD24700229404 /* Embed Frameworks */,
				9B8EF6BF0691FFF00370BA47 /* [CP] Embed Pods Frameworks */,
				AC055B34C87542385C0B897D /* [CP] Copy Pods Resources */,
				7C2A12900AD7C31E84A470E7 /* Embed Pods Frameworks */,
			);
			buildRules = (
			);
			dependencies = (
				44FBD8241D899D1100ACA2C8 /* PBXTargetDependency */,
				44FBD7CC1D899C1900ACA2C8 /* PBXTargetDependency */,
				44655D4A1D5AD24700229404 /* PBXTargetDependency */,
			);
			name = KomicaViewer;
			productName = KomicaViewer;
			productReference = 44496F4F1D5985A6005875DD /* KomicaViewer.app */;
			productType = "com.apple.product-type.application";
		};
		44496F621D5985A6005875DD /* KomicaViewerTests */ = {
			isa = PBXNativeTarget;
			buildConfigurationList = 44496F6F1D5985A6005875DD /* Build configuration list for PBXNativeTarget "KomicaViewerTests" */;
			buildPhases = (
				05AF5FED83C4F76449BBDD57 /* [CP] Check Pods Manifest.lock */,
				44496F5F1D5985A6005875DD /* Sources */,
				44496F601D5985A6005875DD /* Frameworks */,
				44496F611D5985A6005875DD /* Resources */,
				68104A70DA5FA7686066341C /* [CP] Embed Pods Frameworks */,
				97865819251EB715CFC1A5AC /* [CP] Copy Pods Resources */,
			);
			buildRules = (
			);
			dependencies = (
				44496F651D5985A6005875DD /* PBXTargetDependency */,
			);
			name = KomicaViewerTests;
			productName = KomicaViewerTests;
			productReference = 44496F631D5985A6005875DD /* KomicaViewerTests.xctest */;
			productType = "com.apple.product-type.bundle.unit-test";
		};
/* End PBXNativeTarget section */

/* Begin PBXProject section */
		44496F471D5985A6005875DD /* Project object */ = {
			isa = PBXProject;
			attributes = {
				LastSwiftUpdateCheck = 0730;
				LastUpgradeCheck = 0820;
				ORGANIZATIONNAME = Craig;
				TargetAttributes = {
					44496F4E1D5985A6005875DD = {
						CreatedOnToolsVersion = 7.3.1;
						DevelopmentTeam = 9EBE9MWW9X;
						LastSwiftMigration = 0820;
					};
					44496F621D5985A6005875DD = {
						CreatedOnToolsVersion = 7.3.1;
						TestTargetID = 44496F4E1D5985A6005875DD;
					};
				};
			};
			buildConfigurationList = 44496F4A1D5985A6005875DD /* Build configuration list for PBXProject "KomicaViewer" */;
			compatibilityVersion = "Xcode 3.2";
			developmentRegion = English;
			hasScannedForEncodings = 0;
			knownRegions = (
				en,
				Base,
			);
			mainGroup = 44496F461D5985A6005875DD;
			productRefGroup = 44496F501D5985A6005875DD /* Products */;
			projectDirPath = "";
			projectReferences = (
				{
					ProductGroup = 44C25D021D89984C0066888E /* Products */;
					ProjectRef = 44C25D011D89984C0066888E /* DTCoreText.xcodeproj */;
				},
				{
					ProductGroup = 44FBD7CF1D899D0A00ACA2C8 /* Products */;
					ProjectRef = 44FBD7CE1D899D0A00ACA2C8 /* DTFoundation.xcodeproj */;
				},
				{
					ProductGroup = 44655D3B1D5AD15400229404 /* Products */;
					ProjectRef = 44655D3A1D5AD15400229404 /* KomicaEngine.xcodeproj */;
				},
			);
			projectRoot = "";
			targets = (
				44496F4E1D5985A6005875DD /* KomicaViewer */,
				44496F621D5985A6005875DD /* KomicaViewerTests */,
			);
		};
/* End PBXProject section */

/* Begin PBXReferenceProxy section */
		44655D401D5AD15400229404 /* KomicaEngine.framework */ = {
			isa = PBXReferenceProxy;
			fileType = wrapper.framework;
			path = KomicaEngine.framework;
			remoteRef = 44655D3F1D5AD15400229404 /* PBXContainerItemProxy */;
			sourceTree = BUILT_PRODUCTS_DIR;
		};
		44655D421D5AD15400229404 /* KomicaEngineTests.xctest */ = {
			isa = PBXReferenceProxy;
			fileType = wrapper.cfbundle;
			path = KomicaEngineTests.xctest;
			remoteRef = 44655D411D5AD15400229404 /* PBXContainerItemProxy */;
			sourceTree = BUILT_PRODUCTS_DIR;
		};
		44C25D0D1D89984C0066888E /* RTDemoApp.app */ = {
			isa = PBXReferenceProxy;
			fileType = wrapper.application;
			path = RTDemoApp.app;
			remoteRef = 44C25D0C1D89984C0066888E /* PBXContainerItemProxy */;
			sourceTree = BUILT_PRODUCTS_DIR;
		};
		44C25D0F1D89984C0066888E /* libDTCoreText.a */ = {
			isa = PBXReferenceProxy;
			fileType = archive.ar;
			path = libDTCoreText.a;
			remoteRef = 44C25D0E1D89984C0066888E /* PBXContainerItemProxy */;
			sourceTree = BUILT_PRODUCTS_DIR;
		};
		44C25D111D89984C0066888E /* UnitTest.xctest */ = {
			isa = PBXReferenceProxy;
			fileType = wrapper.cfbundle;
			path = UnitTest.xctest;
			remoteRef = 44C25D101D89984C0066888E /* PBXContainerItemProxy */;
			sourceTree = BUILT_PRODUCTS_DIR;
		};
		44C25D131D89984C0066888E /* MacUnitTest.xctest */ = {
			isa = PBXReferenceProxy;
			fileType = wrapper.cfbundle;
			path = MacUnitTest.xctest;
			remoteRef = 44C25D121D89984C0066888E /* PBXContainerItemProxy */;
			sourceTree = BUILT_PRODUCTS_DIR;
		};
		44C25D151D89984C0066888E /* libDTCoreText_no_DTFoundation.a */ = {
			isa = PBXReferenceProxy;
			fileType = archive.ar;
			path = libDTCoreText_no_DTFoundation.a;
			remoteRef = 44C25D141D89984C0066888E /* PBXContainerItemProxy */;
			sourceTree = BUILT_PRODUCTS_DIR;
		};
		44C25D171D89984C0066888E /* DTCoreText.framework */ = {
			isa = PBXReferenceProxy;
			fileType = wrapper.framework;
			path = DTCoreText.framework;
			remoteRef = 44C25D161D89984C0066888E /* PBXContainerItemProxy */;
			sourceTree = BUILT_PRODUCTS_DIR;
		};
		44C25D191D89984C0066888E /* DTCoreText.framework */ = {
			isa = PBXReferenceProxy;
			fileType = wrapper.framework;
			path = DTCoreText.framework;
			remoteRef = 44C25D181D89984C0066888E /* PBXContainerItemProxy */;
			sourceTree = BUILT_PRODUCTS_DIR;
		};
		44FBD7EE1D899D0A00ACA2C8 /* libDTFoundation.a */ = {
			isa = PBXReferenceProxy;
			fileType = archive.ar;
			path = libDTFoundation.a;
			remoteRef = 44FBD7ED1D899D0A00ACA2C8 /* PBXContainerItemProxy */;
			sourceTree = BUILT_PRODUCTS_DIR;
		};
		44FBD7F01D899D0A00ACA2C8 /* libStatic Library (tvOS).a */ = {
			isa = PBXReferenceProxy;
			fileType = archive.ar;
			path = "libStatic Library (tvOS).a";
			remoteRef = 44FBD7EF1D899D0A00ACA2C8 /* PBXContainerItemProxy */;
			sourceTree = BUILT_PRODUCTS_DIR;
		};
		44FBD7F21D899D0A00ACA2C8 /* libDTFoundation_Mac.a */ = {
			isa = PBXReferenceProxy;
			fileType = archive.ar;
			path = libDTFoundation_Mac.a;
			remoteRef = 44FBD7F11D899D0A00ACA2C8 /* PBXContainerItemProxy */;
			sourceTree = BUILT_PRODUCTS_DIR;
		};
		44FBD7F41D899D0A00ACA2C8 /* libDTAnimatedGIF.a */ = {
			isa = PBXReferenceProxy;
			fileType = archive.ar;
			path = libDTAnimatedGIF.a;
			remoteRef = 44FBD7F31D899D0A00ACA2C8 /* PBXContainerItemProxy */;
			sourceTree = BUILT_PRODUCTS_DIR;
		};
		44FBD7F61D899D0A00ACA2C8 /* libDTAWS.a */ = {
			isa = PBXReferenceProxy;
			fileType = archive.ar;
			path = libDTAWS.a;
			remoteRef = 44FBD7F51D899D0A00ACA2C8 /* PBXContainerItemProxy */;
			sourceTree = BUILT_PRODUCTS_DIR;
		};
		44FBD7F81D899D0A00ACA2C8 /* libDTASN1.a */ = {
			isa = PBXReferenceProxy;
			fileType = archive.ar;
			path = libDTASN1.a;
			remoteRef = 44FBD7F71D899D0A00ACA2C8 /* PBXContainerItemProxy */;
			sourceTree = BUILT_PRODUCTS_DIR;
		};
		44FBD7FA1D899D0A00ACA2C8 /* libDTHTMLParser_iOS.a */ = {
			isa = PBXReferenceProxy;
			fileType = archive.ar;
			path = libDTHTMLParser_iOS.a;
			remoteRef = 44FBD7F91D899D0A00ACA2C8 /* PBXContainerItemProxy */;
			sourceTree = BUILT_PRODUCTS_DIR;
		};
		44FBD7FC1D899D0A00ACA2C8 /* libDTHTMLParser_Mac.a */ = {
			isa = PBXReferenceProxy;
			fileType = archive.ar;
			path = libDTHTMLParser_Mac.a;
			remoteRef = 44FBD7FB1D899D0A00ACA2C8 /* PBXContainerItemProxy */;
			sourceTree = BUILT_PRODUCTS_DIR;
		};
		44FBD7FE1D899D0A00ACA2C8 /* libDTProgressHUD_iOS.a */ = {
			isa = PBXReferenceProxy;
			fileType = archive.ar;
			path = libDTProgressHUD_iOS.a;
			remoteRef = 44FBD7FD1D899D0A00ACA2C8 /* PBXContainerItemProxy */;
			sourceTree = BUILT_PRODUCTS_DIR;
		};
		44FBD8001D899D0A00ACA2C8 /* libDTReachability_iOS.a */ = {
			isa = PBXReferenceProxy;
			fileType = archive.ar;
			path = libDTReachability_iOS.a;
			remoteRef = 44FBD7FF1D899D0A00ACA2C8 /* PBXContainerItemProxy */;
			sourceTree = BUILT_PRODUCTS_DIR;
		};
		44FBD8021D899D0A00ACA2C8 /* libDTReachability_Mac.a */ = {
			isa = PBXReferenceProxy;
			fileType = archive.ar;
			path = libDTReachability_Mac.a;
			remoteRef = 44FBD8011D899D0A00ACA2C8 /* PBXContainerItemProxy */;
			sourceTree = BUILT_PRODUCTS_DIR;
		};
		44FBD8041D899D0A00ACA2C8 /* libDTSQLite_iOS.a */ = {
			isa = PBXReferenceProxy;
			fileType = archive.ar;
			path = libDTSQLite_iOS.a;
			remoteRef = 44FBD8031D899D0A00ACA2C8 /* PBXContainerItemProxy */;
			sourceTree = BUILT_PRODUCTS_DIR;
		};
		44FBD8061D899D0A00ACA2C8 /* libDTSQLite_Mac.a */ = {
			isa = PBXReferenceProxy;
			fileType = archive.ar;
			path = libDTSQLite_Mac.a;
			remoteRef = 44FBD8051D899D0A00ACA2C8 /* PBXContainerItemProxy */;
			sourceTree = BUILT_PRODUCTS_DIR;
		};
		44FBD8081D899D0A00ACA2C8 /* libDTUTI_iOS.a */ = {
			isa = PBXReferenceProxy;
			fileType = archive.ar;
			path = libDTUTI_iOS.a;
			remoteRef = 44FBD8071D899D0A00ACA2C8 /* PBXContainerItemProxy */;
			sourceTree = BUILT_PRODUCTS_DIR;
		};
		44FBD80A1D899D0A00ACA2C8 /* libDTUTI_Mac.a */ = {
			isa = PBXReferenceProxy;
			fileType = archive.ar;
			path = libDTUTI_Mac.a;
			remoteRef = 44FBD8091D899D0A00ACA2C8 /* PBXContainerItemProxy */;
			sourceTree = BUILT_PRODUCTS_DIR;
		};
		44FBD80C1D899D0A00ACA2C8 /* libDTZipArchive_iOS.a */ = {
			isa = PBXReferenceProxy;
			fileType = archive.ar;
			path = libDTZipArchive_iOS.a;
			remoteRef = 44FBD80B1D899D0A00ACA2C8 /* PBXContainerItemProxy */;
			sourceTree = BUILT_PRODUCTS_DIR;
		};
		44FBD80E1D899D0A00ACA2C8 /* libDTZipArchive_Mac.a */ = {
			isa = PBXReferenceProxy;
			fileType = archive.ar;
			path = libDTZipArchive_Mac.a;
			remoteRef = 44FBD80D1D899D0A00ACA2C8 /* PBXContainerItemProxy */;
			sourceTree = BUILT_PRODUCTS_DIR;
		};
		44FBD8101D899D0A00ACA2C8 /* DTAnimatedGIF Demo.app */ = {
			isa = PBXReferenceProxy;
			fileType = wrapper.application;
			path = "DTAnimatedGIF Demo.app";
			remoteRef = 44FBD80F1D899D0A00ACA2C8 /* PBXContainerItemProxy */;
			sourceTree = BUILT_PRODUCTS_DIR;
		};
		44FBD8121D899D0A00ACA2C8 /* DTProgressHUD Demo.app */ = {
			isa = PBXReferenceProxy;
			fileType = wrapper.application;
			path = "DTProgressHUD Demo.app";
			remoteRef = 44FBD8111D899D0A00ACA2C8 /* PBXContainerItemProxy */;
			sourceTree = BUILT_PRODUCTS_DIR;
		};
		44FBD8141D899D0A00ACA2C8 /* DTReachability Demo.app */ = {
			isa = PBXReferenceProxy;
			fileType = wrapper.application;
			path = "DTReachability Demo.app";
			remoteRef = 44FBD8131D899D0A00ACA2C8 /* PBXContainerItemProxy */;
			sourceTree = BUILT_PRODUCTS_DIR;
		};
		44FBD8161D899D0A00ACA2C8 /* DTSidePanels Demo.app */ = {
			isa = PBXReferenceProxy;
			fileType = wrapper.application;
			path = "DTSidePanels Demo.app";
			remoteRef = 44FBD8151D899D0A00ACA2C8 /* PBXContainerItemProxy */;
			sourceTree = BUILT_PRODUCTS_DIR;
		};
		44FBD8181D899D0A00ACA2C8 /* DTZipArchive.app */ = {
			isa = PBXReferenceProxy;
			fileType = wrapper.application;
			path = DTZipArchive.app;
			remoteRef = 44FBD8171D899D0A00ACA2C8 /* PBXContainerItemProxy */;
			sourceTree = BUILT_PRODUCTS_DIR;
		};
		44FBD81A1D899D0A00ACA2C8 /* DTActionSheet Demo.app */ = {
			isa = PBXReferenceProxy;
			fileType = wrapper.application;
			path = "DTActionSheet Demo.app";
			remoteRef = 44FBD8191D899D0A00ACA2C8 /* PBXContainerItemProxy */;
			sourceTree = BUILT_PRODUCTS_DIR;
		};
		44FBD81C1D899D0A00ACA2C8 /* Unit Tests.xctest */ = {
			isa = PBXReferenceProxy;
			fileType = wrapper.cfbundle;
			path = "Unit Tests.xctest";
			remoteRef = 44FBD81B1D899D0A00ACA2C8 /* PBXContainerItemProxy */;
			sourceTree = BUILT_PRODUCTS_DIR;
		};
		44FBD81E1D899D0A00ACA2C8 /* DTFoundation.framework */ = {
			isa = PBXReferenceProxy;
			fileType = wrapper.framework;
			path = DTFoundation.framework;
			remoteRef = 44FBD81D1D899D0A00ACA2C8 /* PBXContainerItemProxy */;
			sourceTree = BUILT_PRODUCTS_DIR;
		};
		44FBD8201D899D0A00ACA2C8 /* DTFoundation.framework */ = {
			isa = PBXReferenceProxy;
			fileType = wrapper.framework;
			path = DTFoundation.framework;
			remoteRef = 44FBD81F1D899D0A00ACA2C8 /* PBXContainerItemProxy */;
			sourceTree = BUILT_PRODUCTS_DIR;
		};
		44FBD8221D899D0A00ACA2C8 /* DTFoundation.framework */ = {
			isa = PBXReferenceProxy;
			fileType = wrapper.framework;
			path = DTFoundation.framework;
			remoteRef = 44FBD8211D899D0A00ACA2C8 /* PBXContainerItemProxy */;
			sourceTree = BUILT_PRODUCTS_DIR;
		};
/* End PBXReferenceProxy section */

/* Begin PBXResourcesBuildPhase section */
		44496F4D1D5985A6005875DD /* Resources */ = {
			isa = PBXResourcesBuildPhase;
			buildActionMask = 2147483647;
			files = (
				44496F5D1D5985A6005875DD /* LaunchScreen.storyboard in Resources */,
				446714441E531B33002C6339 /* youtube-play-button.png in Resources */,
				44575A311E01822F00B3A941 /* settings@3x.png in Resources */,
				44575A2F1E01822F00B3A941 /* settings.png in Resources */,
				44496F5A1D5985A6005875DD /* Assets.xcassets in Resources */,
				44496F581D5985A6005875DD /* Main.storyboard in Resources */,
				44397D6C1D695AA5005B44AA /* AddForum.storyboard in Resources */,
				44575A301E01822F00B3A941 /* settings@2x.png in Resources */,
				44BD397D1D5B5AA70070E0CB /* ThreadTableViewCell.xib in Resources */,
				4411C74B1D76C28400047660 /* GoogleService-Info.plist in Resources */,
				44575A331E01826700B3A941 /* Settings.storyboard in Resources */,
			);
			runOnlyForDeploymentPostprocessing = 0;
		};
		44496F611D5985A6005875DD /* Resources */ = {
			isa = PBXResourcesBuildPhase;
			buildActionMask = 2147483647;
			files = (
			);
			runOnlyForDeploymentPostprocessing = 0;
		};
/* End PBXResourcesBuildPhase section */

/* Begin PBXShellScriptBuildPhase section */
		05AF5FED83C4F76449BBDD57 /* [CP] Check Pods Manifest.lock */ = {
			isa = PBXShellScriptBuildPhase;
			buildActionMask = 2147483647;
			files = (
			);
			inputPaths = (
			);
			name = "[CP] Check Pods Manifest.lock";
			outputPaths = (
			);
			runOnlyForDeploymentPostprocessing = 0;
			shellPath = /bin/sh;
			shellScript = "diff \"${PODS_ROOT}/../Podfile.lock\" \"${PODS_ROOT}/Manifest.lock\" > /dev/null\nif [ $? != 0 ] ; then\n    # print error to STDERR\n    echo \"error: The sandbox is not in sync with the Podfile.lock. Run 'pod install' or update your CocoaPods installation.\" >&2\n    exit 1\nfi\n";
			showEnvVarsInLog = 0;
		};
		68104A70DA5FA7686066341C /* [CP] Embed Pods Frameworks */ = {
			isa = PBXShellScriptBuildPhase;
			buildActionMask = 2147483647;
			files = (
			);
			inputPaths = (
			);
			name = "[CP] Embed Pods Frameworks";
			outputPaths = (
			);
			runOnlyForDeploymentPostprocessing = 0;
			shellPath = /bin/sh;
			shellScript = "\"${SRCROOT}/Pods/Target Support Files/Pods-KomicaViewerTests/Pods-KomicaViewerTests-frameworks.sh\"\n";
			showEnvVarsInLog = 0;
		};
		7BF8544B2F5B3079BB66FB76 /* [CP] Check Pods Manifest.lock */ = {
			isa = PBXShellScriptBuildPhase;
			buildActionMask = 2147483647;
			files = (
			);
			inputPaths = (
			);
			name = "[CP] Check Pods Manifest.lock";
			outputPaths = (
			);
			runOnlyForDeploymentPostprocessing = 0;
			shellPath = /bin/sh;
			shellScript = "diff \"${PODS_ROOT}/../Podfile.lock\" \"${PODS_ROOT}/Manifest.lock\" > /dev/null\nif [ $? != 0 ] ; then\n    # print error to STDERR\n    echo \"error: The sandbox is not in sync with the Podfile.lock. Run 'pod install' or update your CocoaPods installation.\" >&2\n    exit 1\nfi\n";
			showEnvVarsInLog = 0;
		};
		7C2A12900AD7C31E84A470E7 /* Embed Pods Frameworks */ = {
			isa = PBXShellScriptBuildPhase;
			buildActionMask = 2147483647;
			files = (
			);
			inputPaths = (
			);
			name = "Embed Pods Frameworks";
			outputPaths = (
			);
			runOnlyForDeploymentPostprocessing = 0;
			shellPath = /bin/sh;
			shellScript = "\"${SRCROOT}/Pods/Target Support Files/Pods-KomicaViewer/Pods-KomicaViewer-frameworks.sh\"\n";
			showEnvVarsInLog = 0;
		};
		97865819251EB715CFC1A5AC /* [CP] Copy Pods Resources */ = {
			isa = PBXShellScriptBuildPhase;
			buildActionMask = 2147483647;
			files = (
			);
			inputPaths = (
			);
			name = "[CP] Copy Pods Resources";
			outputPaths = (
			);
			runOnlyForDeploymentPostprocessing = 0;
			shellPath = /bin/sh;
			shellScript = "\"${SRCROOT}/Pods/Target Support Files/Pods-KomicaViewerTests/Pods-KomicaViewerTests-resources.sh\"\n";
			showEnvVarsInLog = 0;
		};
		9B8EF6BF0691FFF00370BA47 /* [CP] Embed Pods Frameworks */ = {
			isa = PBXShellScriptBuildPhase;
			buildActionMask = 2147483647;
			files = (
			);
			inputPaths = (
			);
			name = "[CP] Embed Pods Frameworks";
			outputPaths = (
			);
			runOnlyForDeploymentPostprocessing = 0;
			shellPath = /bin/sh;
			shellScript = "\"${SRCROOT}/Pods/Target Support Files/Pods-KomicaViewer/Pods-KomicaViewer-frameworks.sh\"\n";
			showEnvVarsInLog = 0;
		};
		AC055B34C87542385C0B897D /* [CP] Copy Pods Resources */ = {
			isa = PBXShellScriptBuildPhase;
			buildActionMask = 2147483647;
			files = (
			);
			inputPaths = (
			);
			name = "[CP] Copy Pods Resources";
			outputPaths = (
			);
			runOnlyForDeploymentPostprocessing = 0;
			shellPath = /bin/sh;
			shellScript = "\"${SRCROOT}/Pods/Target Support Files/Pods-KomicaViewer/Pods-KomicaViewer-resources.sh\"\n";
			showEnvVarsInLog = 0;
		};
/* End PBXShellScriptBuildPhase section */

/* Begin PBXSourcesBuildPhase section */
		44496F4B1D5985A6005875DD /* Sources */ = {
			isa = PBXSourcesBuildPhase;
			buildActionMask = 2147483647;
			files = (
				44397D671D6953FB005B44AA /* UIApplication+Util.swift in Sources */,
				44A65AAB1D5DEE1000A4DDE6 /* UIViewController+ProgressBar.swift in Sources */,
				447EF1C31D5C832D00FE5D88 /* TableViewControllerBulkUpdateProtocol.swift in Sources */,
				44A65AA21D5DDA3300A4DDE6 /* UIColor+RGB.swift in Sources */,
				44397D5F1D6942E7005B44AA /* SVWebViewProtocol.swift in Sources */,
				44A65A981D5DBB0100A4DDE6 /* UIView+Util.m in Sources */,
				447665561E067A7D00A06138 /* MessagePopup.swift in Sources */,
				44575A351E01834E00B3A941 /* SettingsTableViewController.swift in Sources */,
				44BD39751D5B1E510070E0CB /* Logger.swift in Sources */,
				44655D7A1D5AFDAB00229404 /* Forums.swift in Sources */,
				44655D751D5AEF7900229404 /* HomeTableViewController.swift in Sources */,
				443342A71D5F576F00EDFA8F /* AFHTTPSessionManager+Util.swift in Sources */,
				44397D721D695C00005B44AA /* RoundCornerBorderedButton.swift in Sources */,
				44496F531D5985A6005875DD /* AppDelegate.swift in Sources */,
				442A502A1D8570A600769A2A /* CustomForumManagerTableViewController.swift in Sources */,
				44ADCC081D85951600699BAC /* ShowForumQRCodeViewController.swift in Sources */,
				443342A91D5F5A3800EDFA8F /* ActionTableViewCell.swift in Sources */,
				44F48EBC1D5D3F0700519C1B /* ProgressHUD.swift in Sources */,
				4421C1B21E72C8DE00BD48C4 /* PartialTransparentView.m in Sources */,
				44655D771D5AEF8E00229404 /* ForumPickerTableViewController.swift in Sources */,
				44BB92821D88ED7A00A29EB5 /* UIViewControllerMWPhotoBrowserProtocol.swift in Sources */,
				443342A41D5F568B00EDFA8F /* Configuration.swift in Sources */,
				44397D761D695D65005B44AA /* ForumTextInputViewController.swift in Sources */,
				44A65AA01D5DC7F500A4DDE6 /* ParasitePostTableViewController.swift in Sources */,
				44BD39821D5B5F310070E0CB /* ThreadTableViewControllerProtocol.swift in Sources */,
				445A305F1D864EF0007FFE0C /* ThreadTableViewCellUIActions.swift in Sources */,
				44BD39791D5B27690070E0CB /* ThreadTableViewCell.swift in Sources */,
				44902F0F1D857B3E003848AF /* ForumQRScannerViewController.swift in Sources */,
				44397D741D695D4D005B44AA /* AddForumTableViewController.swift in Sources */,
				448C1E781D76CE5D007187DB /* AdConfiguration.swift in Sources */,
				44A65A971D5DBB0100A4DDE6 /* CPLoadFromNibView.m in Sources */,
				44BD39801D5B5E180070E0CB /* ThreadTableViewController.swift in Sources */,
				44397D581D670A80005B44AA /* WebViewGuardDog.swift in Sources */,
				44BD39861D5B74ED0070E0CB /* UIView+SuperCell.swift in Sources */,
				449B210C1D7D1A21006AA091 /* BlockedUserManager.swift in Sources */,
				447664F71E03F48F00A06138 /* IAPHelper.swift in Sources */,
				44B1E5E31DC9F58F00CCF6F0 /* WebMPlayerViewController.swift in Sources */,
			);
			runOnlyForDeploymentPostprocessing = 0;
		};
		44496F5F1D5985A6005875DD /* Sources */ = {
			isa = PBXSourcesBuildPhase;
			buildActionMask = 2147483647;
			files = (
				44496F681D5985A6005875DD /* KomicaViewerTests.swift in Sources */,
			);
			runOnlyForDeploymentPostprocessing = 0;
		};
/* End PBXSourcesBuildPhase section */

/* Begin PBXTargetDependency section */
		44496F651D5985A6005875DD /* PBXTargetDependency */ = {
			isa = PBXTargetDependency;
			target = 44496F4E1D5985A6005875DD /* KomicaViewer */;
			targetProxy = 44496F641D5985A6005875DD /* PBXContainerItemProxy */;
		};
		44655D4A1D5AD24700229404 /* PBXTargetDependency */ = {
			isa = PBXTargetDependency;
			name = KomicaEngine;
			targetProxy = 44655D491D5AD24700229404 /* PBXContainerItemProxy */;
		};
		44FBD7CC1D899C1900ACA2C8 /* PBXTargetDependency */ = {
			isa = PBXTargetDependency;
			name = "DTCoreText (iOS)";
			targetProxy = 44FBD7CB1D899C1900ACA2C8 /* PBXContainerItemProxy */;
		};
		44FBD8241D899D1100ACA2C8 /* PBXTargetDependency */ = {
			isa = PBXTargetDependency;
			name = "DTFoundation (iOS)";
			targetProxy = 44FBD8231D899D1100ACA2C8 /* PBXContainerItemProxy */;
		};
/* End PBXTargetDependency section */

/* Begin PBXVariantGroup section */
		44496F561D5985A6005875DD /* Main.storyboard */ = {
			isa = PBXVariantGroup;
			children = (
				44496F571D5985A6005875DD /* Base */,
			);
			name = Main.storyboard;
			path = ..;
			sourceTree = "<group>";
		};
		44496F5B1D5985A6005875DD /* LaunchScreen.storyboard */ = {
			isa = PBXVariantGroup;
			children = (
				44496F5C1D5985A6005875DD /* Base */,
			);
			name = LaunchScreen.storyboard;
			sourceTree = "<group>";
		};
/* End PBXVariantGroup section */

/* Begin XCBuildConfiguration section */
		44496F6A1D5985A6005875DD /* Debug */ = {
			isa = XCBuildConfiguration;
			buildSettings = {
				ALWAYS_EMBED_SWIFT_STANDARD_LIBRARIES = "$(inherited)";
				ALWAYS_SEARCH_USER_PATHS = NO;
				CLANG_ANALYZER_NONNULL = YES;
				CLANG_CXX_LANGUAGE_STANDARD = "gnu++0x";
				CLANG_CXX_LIBRARY = "libc++";
				CLANG_ENABLE_MODULES = YES;
				CLANG_ENABLE_OBJC_ARC = YES;
				CLANG_WARN_BOOL_CONVERSION = YES;
				CLANG_WARN_CONSTANT_CONVERSION = YES;
				CLANG_WARN_DIRECT_OBJC_ISA_USAGE = YES_ERROR;
				CLANG_WARN_EMPTY_BODY = YES;
				CLANG_WARN_ENUM_CONVERSION = YES;
				CLANG_WARN_INFINITE_RECURSION = YES;
				CLANG_WARN_INT_CONVERSION = YES;
				CLANG_WARN_OBJC_ROOT_CLASS = YES_ERROR;
				CLANG_WARN_SUSPICIOUS_MOVE = YES;
				CLANG_WARN_UNREACHABLE_CODE = YES;
				CLANG_WARN__DUPLICATE_METHOD_MATCH = YES;
				"CODE_SIGN_IDENTITY[sdk=iphoneos*]" = "iPhone Developer";
				COPY_PHASE_STRIP = NO;
				DEBUG_INFORMATION_FORMAT = dwarf;
				ENABLE_STRICT_OBJC_MSGSEND = YES;
				ENABLE_TESTABILITY = YES;
				GCC_C_LANGUAGE_STANDARD = gnu99;
				GCC_DYNAMIC_NO_PIC = NO;
				GCC_NO_COMMON_BLOCKS = YES;
				GCC_OPTIMIZATION_LEVEL = 0;
				GCC_PREPROCESSOR_DEFINITIONS = (
					"DEBUG=1",
					"$(inherited)",
				);
				GCC_WARN_64_TO_32_BIT_CONVERSION = YES;
				GCC_WARN_ABOUT_RETURN_TYPE = YES_ERROR;
				GCC_WARN_UNDECLARED_SELECTOR = YES;
				GCC_WARN_UNINITIALIZED_AUTOS = YES_AGGRESSIVE;
				GCC_WARN_UNUSED_FUNCTION = YES;
				GCC_WARN_UNUSED_VARIABLE = YES;
				IPHONEOS_DEPLOYMENT_TARGET = 8.0;
				MTL_ENABLE_DEBUG_INFO = YES;
				ONLY_ACTIVE_ARCH = YES;
				OTHER_SWIFT_FLAGS = "$(inherited)";
				SDKROOT = iphoneos;
				SWIFT_OBJC_BRIDGING_HEADER = "KomicaViewer-bridging-header.h";
				SWIFT_OPTIMIZATION_LEVEL = "-Onone";
				TARGETED_DEVICE_FAMILY = "1,2";
			};
			name = Debug;
		};
		44496F6B1D5985A6005875DD /* Release */ = {
			isa = XCBuildConfiguration;
			buildSettings = {
				ALWAYS_EMBED_SWIFT_STANDARD_LIBRARIES = "$(inherited)";
				ALWAYS_SEARCH_USER_PATHS = NO;
				CLANG_ANALYZER_NONNULL = YES;
				CLANG_CXX_LANGUAGE_STANDARD = "gnu++0x";
				CLANG_CXX_LIBRARY = "libc++";
				CLANG_ENABLE_MODULES = YES;
				CLANG_ENABLE_OBJC_ARC = YES;
				CLANG_WARN_BOOL_CONVERSION = YES;
				CLANG_WARN_CONSTANT_CONVERSION = YES;
				CLANG_WARN_DIRECT_OBJC_ISA_USAGE = YES_ERROR;
				CLANG_WARN_EMPTY_BODY = YES;
				CLANG_WARN_ENUM_CONVERSION = YES;
				CLANG_WARN_INFINITE_RECURSION = YES;
				CLANG_WARN_INT_CONVERSION = YES;
				CLANG_WARN_OBJC_ROOT_CLASS = YES_ERROR;
				CLANG_WARN_SUSPICIOUS_MOVE = YES;
				CLANG_WARN_UNREACHABLE_CODE = YES;
				CLANG_WARN__DUPLICATE_METHOD_MATCH = YES;
				"CODE_SIGN_IDENTITY[sdk=iphoneos*]" = "iPhone Developer";
				COPY_PHASE_STRIP = NO;
				DEBUG_INFORMATION_FORMAT = "dwarf-with-dsym";
				ENABLE_NS_ASSERTIONS = NO;
				ENABLE_STRICT_OBJC_MSGSEND = YES;
				GCC_C_LANGUAGE_STANDARD = gnu99;
				GCC_NO_COMMON_BLOCKS = YES;
				GCC_WARN_64_TO_32_BIT_CONVERSION = YES;
				GCC_WARN_ABOUT_RETURN_TYPE = YES_ERROR;
				GCC_WARN_UNDECLARED_SELECTOR = YES;
				GCC_WARN_UNINITIALIZED_AUTOS = YES_AGGRESSIVE;
				GCC_WARN_UNUSED_FUNCTION = YES;
				GCC_WARN_UNUSED_VARIABLE = YES;
				IPHONEOS_DEPLOYMENT_TARGET = 8.0;
				MTL_ENABLE_DEBUG_INFO = NO;
				OTHER_SWIFT_FLAGS = "$(inherited)";
				SDKROOT = iphoneos;
				SWIFT_OBJC_BRIDGING_HEADER = "KomicaViewer-bridging-header.h";
				SWIFT_OPTIMIZATION_LEVEL = "-Owholemodule";
				TARGETED_DEVICE_FAMILY = "1,2";
				VALIDATE_PRODUCT = YES;
			};
			name = Release;
		};
		44496F6D1D5985A6005875DD /* Debug */ = {
			isa = XCBuildConfiguration;
			baseConfigurationReference = DC7DAB90B7018AB9E394882B /* Pods-KomicaViewer.debug.xcconfig */;
			buildSettings = {
				ALWAYS_EMBED_SWIFT_STANDARD_LIBRARIES = "$(inherited)";
				ASSETCATALOG_COMPILER_APPICON_NAME = AppIcon;
				CODE_SIGN_IDENTITY = "iPhone Developer";
				ENABLE_BITCODE = NO;
				FRAMEWORK_SEARCH_PATHS = (
					"$(inherited)",
					"$(PROJECT_DIR)",
				);
				INFOPLIST_FILE = KomicaViewer/Info.plist;
				IPHONEOS_DEPLOYMENT_TARGET = 9.0;
				LD_RUNPATH_SEARCH_PATHS = "$(inherited) @executable_path/Frameworks";
				OTHER_SWIFT_FLAGS = "$(inherited)";
				PRODUCT_BUNDLE_IDENTIFIER = com.craig.KomicaViewer;
				PRODUCT_NAME = "$(TARGET_NAME)";
				SWIFT_OBJC_BRIDGING_HEADER = "$(inherited)";
				SWIFT_VERSION = 3.0;
			};
			name = Debug;
		};
		44496F6E1D5985A6005875DD /* Release */ = {
			isa = XCBuildConfiguration;
			baseConfigurationReference = 1F999914BCD5E6DBD4D5D973 /* Pods-KomicaViewer.release.xcconfig */;
			buildSettings = {
				ALWAYS_EMBED_SWIFT_STANDARD_LIBRARIES = "$(inherited)";
				ASSETCATALOG_COMPILER_APPICON_NAME = AppIcon;
				CODE_SIGN_IDENTITY = "iPhone Developer";
				ENABLE_BITCODE = NO;
				FRAMEWORK_SEARCH_PATHS = (
					"$(inherited)",
					"$(PROJECT_DIR)",
				);
				INFOPLIST_FILE = KomicaViewer/Info.plist;
				IPHONEOS_DEPLOYMENT_TARGET = 9.0;
				LD_RUNPATH_SEARCH_PATHS = "$(inherited) @executable_path/Frameworks";
				OTHER_SWIFT_FLAGS = "$(inherited)";
				PRODUCT_BUNDLE_IDENTIFIER = com.craig.KomicaViewer;
				PRODUCT_NAME = "$(TARGET_NAME)";
				SWIFT_OBJC_BRIDGING_HEADER = "$(inherited)";
				SWIFT_VERSION = 3.0;
			};
			name = Release;
		};
		44496F701D5985A6005875DD /* Debug */ = {
			isa = XCBuildConfiguration;
			baseConfigurationReference = 9F0A0392FA0DA6C1927ACC66 /* Pods-KomicaViewerTests.debug.xcconfig */;
			buildSettings = {
				BUNDLE_LOADER = "$(TEST_HOST)";
				INFOPLIST_FILE = KomicaViewerTests/Info.plist;
				LD_RUNPATH_SEARCH_PATHS = "$(inherited) @executable_path/Frameworks @loader_path/Frameworks";
				PRODUCT_BUNDLE_IDENTIFIER = com.craig.KomicaViewerTests;
				PRODUCT_NAME = "$(TARGET_NAME)";
				TEST_HOST = "$(BUILT_PRODUCTS_DIR)/KomicaViewer.app/KomicaViewer";
			};
			name = Debug;
		};
		44496F711D5985A6005875DD /* Release */ = {
			isa = XCBuildConfiguration;
			baseConfigurationReference = C4E60A0BF1FCCC05D433E68E /* Pods-KomicaViewerTests.release.xcconfig */;
			buildSettings = {
				BUNDLE_LOADER = "$(TEST_HOST)";
				INFOPLIST_FILE = KomicaViewerTests/Info.plist;
				LD_RUNPATH_SEARCH_PATHS = "$(inherited) @executable_path/Frameworks @loader_path/Frameworks";
				PRODUCT_BUNDLE_IDENTIFIER = com.craig.KomicaViewerTests;
				PRODUCT_NAME = "$(TARGET_NAME)";
				TEST_HOST = "$(BUILT_PRODUCTS_DIR)/KomicaViewer.app/KomicaViewer";
			};
			name = Release;
		};
/* End XCBuildConfiguration section */

/* Begin XCConfigurationList section */
		44496F4A1D5985A6005875DD /* Build configuration list for PBXProject "KomicaViewer" */ = {
			isa = XCConfigurationList;
			buildConfigurations = (
				44496F6A1D5985A6005875DD /* Debug */,
				44496F6B1D5985A6005875DD /* Release */,
			);
			defaultConfigurationIsVisible = 0;
			defaultConfigurationName = Release;
		};
		44496F6C1D5985A6005875DD /* Build configuration list for PBXNativeTarget "KomicaViewer" */ = {
			isa = XCConfigurationList;
			buildConfigurations = (
				44496F6D1D5985A6005875DD /* Debug */,
				44496F6E1D5985A6005875DD /* Release */,
			);
			defaultConfigurationIsVisible = 0;
			defaultConfigurationName = Release;
		};
		44496F6F1D5985A6005875DD /* Build configuration list for PBXNativeTarget "KomicaViewerTests" */ = {
			isa = XCConfigurationList;
			buildConfigurations = (
				44496F701D5985A6005875DD /* Debug */,
				44496F711D5985A6005875DD /* Release */,
			);
			defaultConfigurationIsVisible = 0;
			defaultConfigurationName = Release;
		};
/* End XCConfigurationList section */
	};
	rootObject = 44496F471D5985A6005875DD /* Project object */;
}
