// !$*UTF8*$!
{
	archiveVersion = 1;
	classes = {
	};
	objectVersion = 46;
	objects = {

/* Begin PBXBuildFile section */
		443342A41D5F568B00EDFA8F /* Configuration.swift in Sources */ = {isa = PBXBuildFile; fileRef = 443342A31D5F568B00EDFA8F /* Configuration.swift */; };
		443342A71D5F576F00EDFA8F /* AFHTTPSessionManager+Util.swift in Sources */ = {isa = PBXBuildFile; fileRef = 443342A61D5F576F00EDFA8F /* AFHTTPSessionManager+Util.swift */; };
		443342A91D5F5A3800EDFA8F /* ActionTableViewCell.swift in Sources */ = {isa = PBXBuildFile; fileRef = 443342A81D5F5A3800EDFA8F /* ActionTableViewCell.swift */; };
		44397D581D670A80005B44AA /* WebViewGuardDog.swift in Sources */ = {isa = PBXBuildFile; fileRef = 44397D571D670A80005B44AA /* WebViewGuardDog.swift */; };
		44397D5F1D6942E7005B44AA /* SVWebViewProtocol.swift in Sources */ = {isa = PBXBuildFile; fileRef = 44397D5E1D6942E7005B44AA /* SVWebViewProtocol.swift */; };
		44397D671D6953FB005B44AA /* UIApplication+Util.swift in Sources */ = {isa = PBXBuildFile; fileRef = 44397D661D6953FB005B44AA /* UIApplication+Util.swift */; };
		44397D6C1D695AA5005B44AA /* AddForum.storyboard in Resources */ = {isa = PBXBuildFile; fileRef = 44397D6B1D695AA5005B44AA /* AddForum.storyboard */; };
		44397D721D695C00005B44AA /* RoundCornerBorderedButton.swift in Sources */ = {isa = PBXBuildFile; fileRef = 44397D711D695C00005B44AA /* RoundCornerBorderedButton.swift */; };
		44397D741D695D4D005B44AA /* AddForumTableViewController.swift in Sources */ = {isa = PBXBuildFile; fileRef = 44397D731D695D4D005B44AA /* AddForumTableViewController.swift */; };
		44397D761D695D65005B44AA /* ForumTextInputViewController.swift in Sources */ = {isa = PBXBuildFile; fileRef = 44397D751D695D65005B44AA /* ForumTextInputViewController.swift */; };
		44496F531D5985A6005875DD /* AppDelegate.swift in Sources */ = {isa = PBXBuildFile; fileRef = 44496F521D5985A6005875DD /* AppDelegate.swift */; };
		44496F581D5985A6005875DD /* Main.storyboard in Resources */ = {isa = PBXBuildFile; fileRef = 44496F561D5985A6005875DD /* Main.storyboard */; };
		44496F5A1D5985A6005875DD /* Assets.xcassets in Resources */ = {isa = PBXBuildFile; fileRef = 44496F591D5985A6005875DD /* Assets.xcassets */; };
		44496F5D1D5985A6005875DD /* LaunchScreen.storyboard in Resources */ = {isa = PBXBuildFile; fileRef = 44496F5B1D5985A6005875DD /* LaunchScreen.storyboard */; };
		44496F681D5985A6005875DD /* KomicaViewerTests.swift in Sources */ = {isa = PBXBuildFile; fileRef = 44496F671D5985A6005875DD /* KomicaViewerTests.swift */; };
		44655D471D5AD24700229404 /* KomicaEngine.framework in Frameworks */ = {isa = PBXBuildFile; fileRef = 44655D401D5AD15400229404 /* KomicaEngine.framework */; };
		44655D481D5AD24700229404 /* KomicaEngine.framework in Embed Frameworks */ = {isa = PBXBuildFile; fileRef = 44655D401D5AD15400229404 /* KomicaEngine.framework */; settings = {ATTRIBUTES = (CodeSignOnCopy, RemoveHeadersOnCopy, ); }; };
		44655D751D5AEF7900229404 /* HomeTableViewController.swift in Sources */ = {isa = PBXBuildFile; fileRef = 44655D741D5AEF7900229404 /* HomeTableViewController.swift */; };
		44655D771D5AEF8E00229404 /* ForumPickerTableViewController.swift in Sources */ = {isa = PBXBuildFile; fileRef = 44655D761D5AEF8E00229404 /* ForumPickerTableViewController.swift */; };
		44655D7A1D5AFDAB00229404 /* Forums.swift in Sources */ = {isa = PBXBuildFile; fileRef = 44655D791D5AFDAB00229404 /* Forums.swift */; };
		447EF1C31D5C832D00FE5D88 /* TableViewControllerBulkUpdateProtocol.swift in Sources */ = {isa = PBXBuildFile; fileRef = 447EF1C21D5C832D00FE5D88 /* TableViewControllerBulkUpdateProtocol.swift */; };
		449B210C1D7D1A21006AA091 /* BlockedUserManager.swift in Sources */ = {isa = PBXBuildFile; fileRef = 449B210B1D7D1A21006AA091 /* BlockedUserManager.swift */; };
		44A65A971D5DBB0100A4DDE6 /* CPLoadFromNibView.m in Sources */ = {isa = PBXBuildFile; fileRef = 44A65A941D5DBB0100A4DDE6 /* CPLoadFromNibView.m */; };
		44A65A981D5DBB0100A4DDE6 /* UIView+Util.m in Sources */ = {isa = PBXBuildFile; fileRef = 44A65A961D5DBB0100A4DDE6 /* UIView+Util.m */; };
		44A65AA01D5DC7F500A4DDE6 /* ParasitePostTableViewController.swift in Sources */ = {isa = PBXBuildFile; fileRef = 44A65A9F1D5DC7F500A4DDE6 /* ParasitePostTableViewController.swift */; };
		44A65AA21D5DDA3300A4DDE6 /* UIColor+RGB.swift in Sources */ = {isa = PBXBuildFile; fileRef = 44A65AA11D5DDA3300A4DDE6 /* UIColor+RGB.swift */; };
		44A65AAB1D5DEE1000A4DDE6 /* UIViewController+ProgressBar.swift in Sources */ = {isa = PBXBuildFile; fileRef = 44A65AAA1D5DEE1000A4DDE6 /* UIViewController+ProgressBar.swift */; };
		44BD39751D5B1E510070E0CB /* Logger.swift in Sources */ = {isa = PBXBuildFile; fileRef = 44BD39741D5B1E510070E0CB /* Logger.swift */; };
		44BD39791D5B27690070E0CB /* ThreadTableViewCell.swift in Sources */ = {isa = PBXBuildFile; fileRef = 44BD39781D5B27690070E0CB /* ThreadTableViewCell.swift */; };
		44BD397D1D5B5AA70070E0CB /* ThreadTableViewCell.xib in Resources */ = {isa = PBXBuildFile; fileRef = 44BD397C1D5B5AA70070E0CB /* ThreadTableViewCell.xib */; };
		44BD39801D5B5E180070E0CB /* ThreadTableViewController.swift in Sources */ = {isa = PBXBuildFile; fileRef = 44BD397F1D5B5E180070E0CB /* ThreadTableViewController.swift */; };
		44BD39821D5B5F310070E0CB /* ThreadTableViewControllerProtocol.swift in Sources */ = {isa = PBXBuildFile; fileRef = 44BD39811D5B5F310070E0CB /* ThreadTableViewControllerProtocol.swift */; };
		44BD39861D5B74ED0070E0CB /* UIView+SuperCell.swift in Sources */ = {isa = PBXBuildFile; fileRef = 44BD39851D5B74ED0070E0CB /* UIView+SuperCell.swift */; };
		44F48EBC1D5D3F0700519C1B /* ProgressHUD.swift in Sources */ = {isa = PBXBuildFile; fileRef = 44F48EBB1D5D3F0700519C1B /* ProgressHUD.swift */; };
		A626FE4C1E96D311C76B1EF2 /* Pods_KomicaViewer_KomicaViewerTests.framework in Frameworks */ = {isa = PBXBuildFile; fileRef = B9888890F89082B45414F82C /* Pods_KomicaViewer_KomicaViewerTests.framework */; };
		BCE55B9E9BB5B372EA0A346B /* Pods_KomicaViewerTests.framework in Frameworks */ = {isa = PBXBuildFile; fileRef = 2B10DC4DCE41530925D1075D /* Pods_KomicaViewerTests.framework */; };
		FCE2F305F7F4C1FA09B39D36 /* Pods_KomicaViewer.framework in Frameworks */ = {isa = PBXBuildFile; fileRef = 21C3A364A9DD0DDE230355EF /* Pods_KomicaViewer.framework */; };
/* End PBXBuildFile section */

/* Begin PBXContainerItemProxy section */
		44496F641D5985A6005875DD /* PBXContainerItemProxy */ = {
			isa = PBXContainerItemProxy;
			containerPortal = 44496F471D5985A6005875DD /* Project object */;
			proxyType = 1;
			remoteGlobalIDString = 44496F4E1D5985A6005875DD;
			remoteInfo = KomicaViewer;
		};
		44655D3F1D5AD15400229404 /* PBXContainerItemProxy */ = {
			isa = PBXContainerItemProxy;
			containerPortal = 44655D3A1D5AD15400229404 /* KomicaEngine.xcodeproj */;
			proxyType = 2;
			remoteGlobalIDString = 4453D1D91CB662A10076ABE7;
			remoteInfo = KomicaEngine;
		};
		44655D411D5AD15400229404 /* PBXContainerItemProxy */ = {
			isa = PBXContainerItemProxy;
			containerPortal = 44655D3A1D5AD15400229404 /* KomicaEngine.xcodeproj */;
			proxyType = 2;
			remoteGlobalIDString = 4453D1E31CB662A10076ABE7;
			remoteInfo = KomicaEngineTests;
		};
		44655D431D5AD16400229404 /* PBXContainerItemProxy */ = {
			isa = PBXContainerItemProxy;
			containerPortal = 44655D3A1D5AD15400229404 /* KomicaEngine.xcodeproj */;
			proxyType = 1;
			remoteGlobalIDString = 4453D1D81CB662A10076ABE7;
			remoteInfo = KomicaEngine;
		};
		44655D491D5AD24700229404 /* PBXContainerItemProxy */ = {
			isa = PBXContainerItemProxy;
			containerPortal = 44655D3A1D5AD15400229404 /* KomicaEngine.xcodeproj */;
			proxyType = 1;
			remoteGlobalIDString = 4453D1D81CB662A10076ABE7;
			remoteInfo = KomicaEngine;
		};
/* End PBXContainerItemProxy section */

/* Begin PBXCopyFilesBuildPhase section */
		44655D4B1D5AD24700229404 /* Embed Frameworks */ = {
			isa = PBXCopyFilesBuildPhase;
			buildActionMask = 2147483647;
			dstPath = "";
			dstSubfolderSpec = 10;
			files = (
				44655D481D5AD24700229404 /* KomicaEngine.framework in Embed Frameworks */,
			);
			name = "Embed Frameworks";
			runOnlyForDeploymentPostprocessing = 0;
		};
/* End PBXCopyFilesBuildPhase section */

/* Begin PBXFileReference section */
		02A139F19997710138CF16D2 /* Pods-KomicaViewer-KomicaViewerTests.release.xcconfig */ = {isa = PBXFileReference; includeInIndex = 1; lastKnownFileType = text.xcconfig; name = "Pods-KomicaViewer-KomicaViewerTests.release.xcconfig"; path = "Pods/Target Support Files/Pods-KomicaViewer-KomicaViewerTests/Pods-KomicaViewer-KomicaViewerTests.release.xcconfig"; sourceTree = "<group>"; };
		1F999914BCD5E6DBD4D5D973 /* Pods-KomicaViewer.release.xcconfig */ = {isa = PBXFileReference; includeInIndex = 1; lastKnownFileType = text.xcconfig; name = "Pods-KomicaViewer.release.xcconfig"; path = "Pods/Target Support Files/Pods-KomicaViewer/Pods-KomicaViewer.release.xcconfig"; sourceTree = "<group>"; };
		21C3A364A9DD0DDE230355EF /* Pods_KomicaViewer.framework */ = {isa = PBXFileReference; explicitFileType = wrapper.framework; includeInIndex = 0; path = Pods_KomicaViewer.framework; sourceTree = BUILT_PRODUCTS_DIR; };
		2B10DC4DCE41530925D1075D /* Pods_KomicaViewerTests.framework */ = {isa = PBXFileReference; explicitFileType = wrapper.framework; includeInIndex = 0; path = Pods_KomicaViewerTests.framework; sourceTree = BUILT_PRODUCTS_DIR; };
		443342A31D5F568B00EDFA8F /* Configuration.swift */ = {isa = PBXFileReference; fileEncoding = 4; lastKnownFileType = sourcecode.swift; path = Configuration.swift; sourceTree = "<group>"; };
		443342A61D5F576F00EDFA8F /* AFHTTPSessionManager+Util.swift */ = {isa = PBXFileReference; fileEncoding = 4; lastKnownFileType = sourcecode.swift; path = "AFHTTPSessionManager+Util.swift"; sourceTree = "<group>"; };
		443342A81D5F5A3800EDFA8F /* ActionTableViewCell.swift */ = {isa = PBXFileReference; fileEncoding = 4; lastKnownFileType = sourcecode.swift; path = ActionTableViewCell.swift; sourceTree = "<group>"; };
		44397D571D670A80005B44AA /* WebViewGuardDog.swift */ = {isa = PBXFileReference; fileEncoding = 4; lastKnownFileType = sourcecode.swift; path = WebViewGuardDog.swift; sourceTree = "<group>"; };
		44397D5E1D6942E7005B44AA /* SVWebViewProtocol.swift */ = {isa = PBXFileReference; fileEncoding = 4; lastKnownFileType = sourcecode.swift; path = SVWebViewProtocol.swift; sourceTree = "<group>"; };
		44397D661D6953FB005B44AA /* UIApplication+Util.swift */ = {isa = PBXFileReference; fileEncoding = 4; lastKnownFileType = sourcecode.swift; path = "UIApplication+Util.swift"; sourceTree = "<group>"; };
		44397D6B1D695AA5005B44AA /* AddForum.storyboard */ = {isa = PBXFileReference; fileEncoding = 4; lastKnownFileType = file.storyboard; path = AddForum.storyboard; sourceTree = "<group>"; };
		44397D711D695C00005B44AA /* RoundCornerBorderedButton.swift */ = {isa = PBXFileReference; fileEncoding = 4; lastKnownFileType = sourcecode.swift; path = RoundCornerBorderedButton.swift; sourceTree = "<group>"; };
		44397D731D695D4D005B44AA /* AddForumTableViewController.swift */ = {isa = PBXFileReference; fileEncoding = 4; lastKnownFileType = sourcecode.swift; path = AddForumTableViewController.swift; sourceTree = "<group>"; };
		44397D751D695D65005B44AA /* ForumTextInputViewController.swift */ = {isa = PBXFileReference; fileEncoding = 4; lastKnownFileType = sourcecode.swift; path = ForumTextInputViewController.swift; sourceTree = "<group>"; };
		44496F4F1D5985A6005875DD /* KomicaViewer.app */ = {isa = PBXFileReference; explicitFileType = wrapper.application; includeInIndex = 0; path = KomicaViewer.app; sourceTree = BUILT_PRODUCTS_DIR; };
		44496F521D5985A6005875DD /* AppDelegate.swift */ = {isa = PBXFileReference; lastKnownFileType = sourcecode.swift; path = AppDelegate.swift; sourceTree = "<group>"; };
		44496F571D5985A6005875DD /* Base */ = {isa = PBXFileReference; lastKnownFileType = file.storyboard; name = Base; path = Base.lproj/Main.storyboard; sourceTree = "<group>"; };
		44496F591D5985A6005875DD /* Assets.xcassets */ = {isa = PBXFileReference; lastKnownFileType = folder.assetcatalog; path = Assets.xcassets; sourceTree = "<group>"; };
		44496F5C1D5985A6005875DD /* Base */ = {isa = PBXFileReference; lastKnownFileType = file.storyboard; name = Base; path = Base.lproj/LaunchScreen.storyboard; sourceTree = "<group>"; };
		44496F5E1D5985A6005875DD /* Info.plist */ = {isa = PBXFileReference; lastKnownFileType = text.plist.xml; path = Info.plist; sourceTree = "<group>"; };
		44496F631D5985A6005875DD /* KomicaViewerTests.xctest */ = {isa = PBXFileReference; explicitFileType = wrapper.cfbundle; includeInIndex = 0; path = KomicaViewerTests.xctest; sourceTree = BUILT_PRODUCTS_DIR; };
		44496F671D5985A6005875DD /* KomicaViewerTests.swift */ = {isa = PBXFileReference; lastKnownFileType = sourcecode.swift; path = KomicaViewerTests.swift; sourceTree = "<group>"; };
		44496F691D5985A6005875DD /* Info.plist */ = {isa = PBXFileReference; lastKnownFileType = text.plist.xml; path = Info.plist; sourceTree = "<group>"; };
		44655D3A1D5AD15400229404 /* KomicaEngine.xcodeproj */ = {isa = PBXFileReference; lastKnownFileType = "wrapper.pb-project"; name = KomicaEngine.xcodeproj; path = ../../komicaengine/KomicaEngine.xcodeproj; sourceTree = "<group>"; };
		44655D741D5AEF7900229404 /* HomeTableViewController.swift */ = {isa = PBXFileReference; fileEncoding = 4; lastKnownFileType = sourcecode.swift; path = HomeTableViewController.swift; sourceTree = "<group>"; };
		44655D761D5AEF8E00229404 /* ForumPickerTableViewController.swift */ = {isa = PBXFileReference; fileEncoding = 4; lastKnownFileType = sourcecode.swift; path = ForumPickerTableViewController.swift; sourceTree = "<group>"; };
		44655D791D5AFDAB00229404 /* Forums.swift */ = {isa = PBXFileReference; fileEncoding = 4; lastKnownFileType = sourcecode.swift; path = Forums.swift; sourceTree = "<group>"; };
		447EF1C21D5C832D00FE5D88 /* TableViewControllerBulkUpdateProtocol.swift */ = {isa = PBXFileReference; fileEncoding = 4; lastKnownFileType = sourcecode.swift; path = TableViewControllerBulkUpdateProtocol.swift; sourceTree = "<group>"; };
		449B210B1D7D1A21006AA091 /* BlockedUserManager.swift */ = {isa = PBXFileReference; fileEncoding = 4; lastKnownFileType = sourcecode.swift; path = BlockedUserManager.swift; sourceTree = "<group>"; };
		44A65A931D5DBB0100A4DDE6 /* CPLoadFromNibView.h */ = {isa = PBXFileReference; fileEncoding = 4; lastKnownFileType = sourcecode.c.h; path = CPLoadFromNibView.h; sourceTree = "<group>"; };
		44A65A941D5DBB0100A4DDE6 /* CPLoadFromNibView.m */ = {isa = PBXFileReference; fileEncoding = 4; lastKnownFileType = sourcecode.c.objc; path = CPLoadFromNibView.m; sourceTree = "<group>"; };
		44A65A951D5DBB0100A4DDE6 /* UIView+Util.h */ = {isa = PBXFileReference; fileEncoding = 4; lastKnownFileType = sourcecode.c.h; path = "UIView+Util.h"; sourceTree = "<group>"; };
		44A65A961D5DBB0100A4DDE6 /* UIView+Util.m */ = {isa = PBXFileReference; fileEncoding = 4; lastKnownFileType = sourcecode.c.objc; path = "UIView+Util.m"; sourceTree = "<group>"; };
		44A65A9B1D5DBB7200A4DDE6 /* KomicaViewer-bridging-header.h */ = {isa = PBXFileReference; lastKnownFileType = sourcecode.c.h; path = "KomicaViewer-bridging-header.h"; sourceTree = "<group>"; };
		44A65A9F1D5DC7F500A4DDE6 /* ParasitePostTableViewController.swift */ = {isa = PBXFileReference; fileEncoding = 4; lastKnownFileType = sourcecode.swift; path = ParasitePostTableViewController.swift; sourceTree = "<group>"; };
		44A65AA11D5DDA3300A4DDE6 /* UIColor+RGB.swift */ = {isa = PBXFileReference; fileEncoding = 4; lastKnownFileType = sourcecode.swift; path = "UIColor+RGB.swift"; sourceTree = "<group>"; };
		44A65AAA1D5DEE1000A4DDE6 /* UIViewController+ProgressBar.swift */ = {isa = PBXFileReference; fileEncoding = 4; lastKnownFileType = sourcecode.swift; path = "UIViewController+ProgressBar.swift"; sourceTree = "<group>"; };
		44BD39741D5B1E510070E0CB /* Logger.swift */ = {isa = PBXFileReference; fileEncoding = 4; lastKnownFileType = sourcecode.swift; path = Logger.swift; sourceTree = "<group>"; };
		44BD39781D5B27690070E0CB /* ThreadTableViewCell.swift */ = {isa = PBXFileReference; fileEncoding = 4; lastKnownFileType = sourcecode.swift; path = ThreadTableViewCell.swift; sourceTree = "<group>"; };
		44BD397C1D5B5AA70070E0CB /* ThreadTableViewCell.xib */ = {isa = PBXFileReference; fileEncoding = 4; lastKnownFileType = file.xib; path = ThreadTableViewCell.xib; sourceTree = "<group>"; };
		44BD397F1D5B5E180070E0CB /* ThreadTableViewController.swift */ = {isa = PBXFileReference; fileEncoding = 4; lastKnownFileType = sourcecode.swift; path = ThreadTableViewController.swift; sourceTree = "<group>"; };
		44BD39811D5B5F310070E0CB /* ThreadTableViewControllerProtocol.swift */ = {isa = PBXFileReference; fileEncoding = 4; lastKnownFileType = sourcecode.swift; name = ThreadTableViewControllerProtocol.swift; path = KomicaViewer/View/ThreadTableViewControllerProtocol.swift; sourceTree = SOURCE_ROOT; };
		44BD39851D5B74ED0070E0CB /* UIView+SuperCell.swift */ = {isa = PBXFileReference; fileEncoding = 4; lastKnownFileType = sourcecode.swift; path = "UIView+SuperCell.swift"; sourceTree = "<group>"; };
		44F48EBB1D5D3F0700519C1B /* ProgressHUD.swift */ = {isa = PBXFileReference; fileEncoding = 4; lastKnownFileType = sourcecode.swift; path = ProgressHUD.swift; sourceTree = "<group>"; };
		9F0A0392FA0DA6C1927ACC66 /* Pods-KomicaViewerTests.debug.xcconfig */ = {isa = PBXFileReference; includeInIndex = 1; lastKnownFileType = text.xcconfig; name = "Pods-KomicaViewerTests.debug.xcconfig"; path = "Pods/Target Support Files/Pods-KomicaViewerTests/Pods-KomicaViewerTests.debug.xcconfig"; sourceTree = "<group>"; };
		B9888890F89082B45414F82C /* Pods_KomicaViewer_KomicaViewerTests.framework */ = {isa = PBXFileReference; explicitFileType = wrapper.framework; includeInIndex = 0; path = Pods_KomicaViewer_KomicaViewerTests.framework; sourceTree = BUILT_PRODUCTS_DIR; };
		C4E60A0BF1FCCC05D433E68E /* Pods-KomicaViewerTests.release.xcconfig */ = {isa = PBXFileReference; includeInIndex = 1; lastKnownFileType = text.xcconfig; name = "Pods-KomicaViewerTests.release.xcconfig"; path = "Pods/Target Support Files/Pods-KomicaViewerTests/Pods-KomicaViewerTests.release.xcconfig"; sourceTree = "<group>"; };
		DC7DAB90B7018AB9E394882B /* Pods-KomicaViewer.debug.xcconfig */ = {isa = PBXFileReference; includeInIndex = 1; lastKnownFileType = text.xcconfig; name = "Pods-KomicaViewer.debug.xcconfig"; path = "Pods/Target Support Files/Pods-KomicaViewer/Pods-KomicaViewer.debug.xcconfig"; sourceTree = "<group>"; };
		F8BD662B1EAC34FEA48F9CA3 /* Pods-KomicaViewer-KomicaViewerTests.debug.xcconfig */ = {isa = PBXFileReference; includeInIndex = 1; lastKnownFileType = text.xcconfig; name = "Pods-KomicaViewer-KomicaViewerTests.debug.xcconfig"; path = "Pods/Target Support Files/Pods-KomicaViewer-KomicaViewerTests/Pods-KomicaViewer-KomicaViewerTests.debug.xcconfig"; sourceTree = "<group>"; };
/* End PBXFileReference section */

/* Begin PBXFrameworksBuildPhase section */
		44496F4C1D5985A6005875DD /* Frameworks */ = {
			isa = PBXFrameworksBuildPhase;
			buildActionMask = 2147483647;
			files = (
				44655D471D5AD24700229404 /* KomicaEngine.framework in Frameworks */,
				FCE2F305F7F4C1FA09B39D36 /* Pods_KomicaViewer.framework in Frameworks */,
			);
			runOnlyForDeploymentPostprocessing = 0;
		};
		44496F601D5985A6005875DD /* Frameworks */ = {
			isa = PBXFrameworksBuildPhase;
			buildActionMask = 2147483647;
			files = (
				A626FE4C1E96D311C76B1EF2 /* Pods_KomicaViewer_KomicaViewerTests.framework in Frameworks */,
				BCE55B9E9BB5B372EA0A346B /* Pods_KomicaViewerTests.framework in Frameworks */,
			);
			runOnlyForDeploymentPostprocessing = 0;
		};
/* End PBXFrameworksBuildPhase section */

/* Begin PBXGroup section */
		059569334176F9517103DF5F /* Pods */ = {
			isa = PBXGroup;
			children = (
				DC7DAB90B7018AB9E394882B /* Pods-KomicaViewer.debug.xcconfig */,
				1F999914BCD5E6DBD4D5D973 /* Pods-KomicaViewer.release.xcconfig */,
				F8BD662B1EAC34FEA48F9CA3 /* Pods-KomicaViewer-KomicaViewerTests.debug.xcconfig */,
				02A139F19997710138CF16D2 /* Pods-KomicaViewer-KomicaViewerTests.release.xcconfig */,
				9F0A0392FA0DA6C1927ACC66 /* Pods-KomicaViewerTests.debug.xcconfig */,
				C4E60A0BF1FCCC05D433E68E /* Pods-KomicaViewerTests.release.xcconfig */,
			);
			name = Pods;
			sourceTree = "<group>";
		};
		44397D6E1D695AB6005B44AA /* Storyboard */ = {
			isa = PBXGroup;
			children = (
				44397D6B1D695AA5005B44AA /* AddForum.storyboard */,
			);
			path = Storyboard;
			sourceTree = "<group>";
		};
		44496F461D5985A6005875DD = {
			isa = PBXGroup;
			children = (
				44A65A9B1D5DBB7200A4DDE6 /* KomicaViewer-bridging-header.h */,
				44655D3A1D5AD15400229404 /* KomicaEngine.xcodeproj */,
				44496F511D5985A6005875DD /* KomicaViewer */,
				44496F661D5985A6005875DD /* KomicaViewerTests */,
				44496F501D5985A6005875DD /* Products */,
				059569334176F9517103DF5F /* Pods */,
				EB66FD301D4D76270A8DC709 /* Frameworks */,
			);
			sourceTree = "<group>";
		};
		44496F501D5985A6005875DD /* Products */ = {
			isa = PBXGroup;
			children = (
				44496F4F1D5985A6005875DD /* KomicaViewer.app */,
				44496F631D5985A6005875DD /* KomicaViewerTests.xctest */,
			);
			name = Products;
			sourceTree = "<group>";
		};
		44496F511D5985A6005875DD /* KomicaViewer */ = {
			isa = PBXGroup;
			children = (
				44397D6E1D695AB6005B44AA /* Storyboard */,
				44496F521D5985A6005875DD /* AppDelegate.swift */,
				44496F561D5985A6005875DD /* Main.storyboard */,
				44496F591D5985A6005875DD /* Assets.xcassets */,
				44496F5B1D5985A6005875DD /* LaunchScreen.storyboard */,
				44BD39771D5B27430070E0CB /* View */,
				44BD39731D5B1E510070E0CB /* Util */,
				44655D781D5AF9F300229404 /* Model */,
				44655D731D5AEF7900229404 /* ViewController */,
				44496F5E1D5985A6005875DD /* Info.plist */,
			);
			path = KomicaViewer;
			sourceTree = "<group>";
		};
		44496F661D5985A6005875DD /* KomicaViewerTests */ = {
			isa = PBXGroup;
			children = (
				44496F671D5985A6005875DD /* KomicaViewerTests.swift */,
				44496F691D5985A6005875DD /* Info.plist */,
			);
			path = KomicaViewerTests;
			sourceTree = "<group>";
		};
		44655D3B1D5AD15400229404 /* Products */ = {
			isa = PBXGroup;
			children = (
				44655D401D5AD15400229404 /* KomicaEngine.framework */,
				44655D421D5AD15400229404 /* KomicaEngineTests.xctest */,
			);
			name = Products;
			sourceTree = "<group>";
		};
		44655D731D5AEF7900229404 /* ViewController */ = {
			isa = PBXGroup;
			children = (
				44655D741D5AEF7900229404 /* HomeTableViewController.swift */,
				44655D761D5AEF8E00229404 /* ForumPickerTableViewController.swift */,
				44BD397F1D5B5E180070E0CB /* ThreadTableViewController.swift */,
				44BD39811D5B5F310070E0CB /* ThreadTableViewControllerProtocol.swift */,
				447EF1C21D5C832D00FE5D88 /* TableViewControllerBulkUpdateProtocol.swift */,
				44A65A9F1D5DC7F500A4DDE6 /* ParasitePostTableViewController.swift */,
				44397D5E1D6942E7005B44AA /* SVWebViewProtocol.swift */,
				44397D731D695D4D005B44AA /* AddForumTableViewController.swift */,
				44397D751D695D65005B44AA /* ForumTextInputViewController.swift */,
			);
			path = ViewController;
			sourceTree = "<group>";
		};
		44655D781D5AF9F300229404 /* Model */ = {
			isa = PBXGroup;
			children = (
				443342A31D5F568B00EDFA8F /* Configuration.swift */,
				44655D791D5AFDAB00229404 /* Forums.swift */,
				44397D571D670A80005B44AA /* WebViewGuardDog.swift */,
				449B210B1D7D1A21006AA091 /* BlockedUserManager.swift */,
			);
			path = Model;
			sourceTree = "<group>";
		};
		44A65A921D5DBB0100A4DDE6 /* LoadFromNibView */ = {
			isa = PBXGroup;
			children = (
				44A65A931D5DBB0100A4DDE6 /* CPLoadFromNibView.h */,
				44A65A941D5DBB0100A4DDE6 /* CPLoadFromNibView.m */,
				44A65A951D5DBB0100A4DDE6 /* UIView+Util.h */,
				44A65A961D5DBB0100A4DDE6 /* UIView+Util.m */,
			);
			path = LoadFromNibView;
			sourceTree = "<group>";
		};
		44BD39731D5B1E510070E0CB /* Util */ = {
			isa = PBXGroup;
			children = (
				443342A61D5F576F00EDFA8F /* AFHTTPSessionManager+Util.swift */,
				44F48EBB1D5D3F0700519C1B /* ProgressHUD.swift */,
				44BD39851D5B74ED0070E0CB /* UIView+SuperCell.swift */,
				44BD39741D5B1E510070E0CB /* Logger.swift */,
				44A65AA11D5DDA3300A4DDE6 /* UIColor+RGB.swift */,
				44397D661D6953FB005B44AA /* UIApplication+Util.swift */,
			);
			path = Util;
			sourceTree = "<group>";
		};
		44BD39771D5B27430070E0CB /* View */ = {
			isa = PBXGroup;
			children = (
				44397D711D695C00005B44AA /* RoundCornerBorderedButton.swift */,
				44A65AAA1D5DEE1000A4DDE6 /* UIViewController+ProgressBar.swift */,
				44BD39781D5B27690070E0CB /* ThreadTableViewCell.swift */,
				44BD397C1D5B5AA70070E0CB /* ThreadTableViewCell.xib */,
				44A65A921D5DBB0100A4DDE6 /* LoadFromNibView */,
				443342A81D5F5A3800EDFA8F /* ActionTableViewCell.swift */,
			);
			path = View;
			sourceTree = "<group>";
		};
		EB66FD301D4D76270A8DC709 /* Frameworks */ = {
			isa = PBXGroup;
			children = (
				21C3A364A9DD0DDE230355EF /* Pods_KomicaViewer.framework */,
				B9888890F89082B45414F82C /* Pods_KomicaViewer_KomicaViewerTests.framework */,
				2B10DC4DCE41530925D1075D /* Pods_KomicaViewerTests.framework */,
			);
			name = Frameworks;
			sourceTree = "<group>";
		};
/* End PBXGroup section */

/* Begin PBXNativeTarget section */
		44496F4E1D5985A6005875DD /* KomicaViewer */ = {
			isa = PBXNativeTarget;
			buildConfigurationList = 44496F6C1D5985A6005875DD /* Build configuration list for PBXNativeTarget "KomicaViewer" */;
			buildPhases = (
				7BF8544B2F5B3079BB66FB76 /* [CP] Check Pods Manifest.lock */,
				44496F4B1D5985A6005875DD /* Sources */,
				44496F4C1D5985A6005875DD /* Frameworks */,
				44496F4D1D5985A6005875DD /* Resources */,
				44655D4B1D5AD24700229404 /* Embed Frameworks */,
				9B8EF6BF0691FFF00370BA47 /* [CP] Embed Pods Frameworks */,
				AC055B34C87542385C0B897D /* [CP] Copy Pods Resources */,
				7C2A12900AD7C31E84A470E7 /* Embed Pods Frameworks */,
			);
			buildRules = (
			);
			dependencies = (
				44655D441D5AD16400229404 /* PBXTargetDependency */,
				44655D4A1D5AD24700229404 /* PBXTargetDependency */,
			);
			name = KomicaViewer;
			productName = KomicaViewer;
			productReference = 44496F4F1D5985A6005875DD /* KomicaViewer.app */;
			productType = "com.apple.product-type.application";
		};
		44496F621D5985A6005875DD /* KomicaViewerTests */ = {
			isa = PBXNativeTarget;
			buildConfigurationList = 44496F6F1D5985A6005875DD /* Build configuration list for PBXNativeTarget "KomicaViewerTests" */;
			buildPhases = (
				05AF5FED83C4F76449BBDD57 /* [CP] Check Pods Manifest.lock */,
				44496F5F1D5985A6005875DD /* Sources */,
				44496F601D5985A6005875DD /* Frameworks */,
				44496F611D5985A6005875DD /* Resources */,
				68104A70DA5FA7686066341C /* [CP] Embed Pods Frameworks */,
				97865819251EB715CFC1A5AC /* [CP] Copy Pods Resources */,
			);
			buildRules = (
			);
			dependencies = (
				44496F651D5985A6005875DD /* PBXTargetDependency */,
			);
			name = KomicaViewerTests;
			productName = KomicaViewerTests;
			productReference = 44496F631D5985A6005875DD /* KomicaViewerTests.xctest */;
			productType = "com.apple.product-type.bundle.unit-test";
		};
/* End PBXNativeTarget section */

/* Begin PBXProject section */
		44496F471D5985A6005875DD /* Project object */ = {
			isa = PBXProject;
			attributes = {
				LastSwiftUpdateCheck = 0730;
				LastUpgradeCheck = 0730;
				ORGANIZATIONNAME = Craig;
				TargetAttributes = {
					44496F4E1D5985A6005875DD = {
						CreatedOnToolsVersion = 7.3.1;
						DevelopmentTeam = 9EBE9MWW9X;
					};
					44496F621D5985A6005875DD = {
						CreatedOnToolsVersion = 7.3.1;
						TestTargetID = 44496F4E1D5985A6005875DD;
					};
				};
			};
			buildConfigurationList = 44496F4A1D5985A6005875DD /* Build configuration list for PBXProject "KomicaViewer" */;
			compatibilityVersion = "Xcode 3.2";
			developmentRegion = English;
			hasScannedForEncodings = 0;
			knownRegions = (
				en,
				Base,
			);
			mainGroup = 44496F461D5985A6005875DD;
			productRefGroup = 44496F501D5985A6005875DD /* Products */;
			projectDirPath = "";
			projectReferences = (
				{
					ProductGroup = 44655D3B1D5AD15400229404 /* Products */;
					ProjectRef = 44655D3A1D5AD15400229404 /* KomicaEngine.xcodeproj */;
				},
			);
			projectRoot = "";
			targets = (
				44496F4E1D5985A6005875DD /* KomicaViewer */,
				44496F621D5985A6005875DD /* KomicaViewerTests */,
			);
		};
/* End PBXProject section */

/* Begin PBXReferenceProxy section */
		44655D401D5AD15400229404 /* KomicaEngine.framework */ = {
			isa = PBXReferenceProxy;
			fileType = wrapper.framework;
			path = KomicaEngine.framework;
			remoteRef = 44655D3F1D5AD15400229404 /* PBXContainerItemProxy */;
			sourceTree = BUILT_PRODUCTS_DIR;
		};
		44655D421D5AD15400229404 /* KomicaEngineTests.xctest */ = {
			isa = PBXReferenceProxy;
			fileType = wrapper.cfbundle;
			path = KomicaEngineTests.xctest;
			remoteRef = 44655D411D5AD15400229404 /* PBXContainerItemProxy */;
			sourceTree = BUILT_PRODUCTS_DIR;
		};
/* End PBXReferenceProxy section */

/* Begin PBXResourcesBuildPhase section */
		44496F4D1D5985A6005875DD /* Resources */ = {
			isa = PBXResourcesBuildPhase;
			buildActionMask = 2147483647;
			files = (
				44496F5D1D5985A6005875DD /* LaunchScreen.storyboard in Resources */,
				44496F5A1D5985A6005875DD /* Assets.xcassets in Resources */,
				44496F581D5985A6005875DD /* Main.storyboard in Resources */,
				44397D6C1D695AA5005B44AA /* AddForum.storyboard in Resources */,
				44BD397D1D5B5AA70070E0CB /* ThreadTableViewCell.xib in Resources */,
			);
			runOnlyForDeploymentPostprocessing = 0;
		};
		44496F611D5985A6005875DD /* Resources */ = {
			isa = PBXResourcesBuildPhase;
			buildActionMask = 2147483647;
			files = (
			);
			runOnlyForDeploymentPostprocessing = 0;
		};
/* End PBXResourcesBuildPhase section */

/* Begin PBXShellScriptBuildPhase section */
		05AF5FED83C4F76449BBDD57 /* [CP] Check Pods Manifest.lock */ = {
			isa = PBXShellScriptBuildPhase;
			buildActionMask = 2147483647;
			files = (
			);
			inputPaths = (
			);
			name = "[CP] Check Pods Manifest.lock";
			outputPaths = (
			);
			runOnlyForDeploymentPostprocessing = 0;
			shellPath = /bin/sh;
			shellScript = "diff \"${PODS_ROOT}/../Podfile.lock\" \"${PODS_ROOT}/Manifest.lock\" > /dev/null\nif [[ $? != 0 ]] ; then\n    cat << EOM\nerror: The sandbox is not in sync with the Podfile.lock. Run 'pod install' or update your CocoaPods installation.\nEOM\n    exit 1\nfi\n";
			showEnvVarsInLog = 0;
		};
		68104A70DA5FA7686066341C /* [CP] Embed Pods Frameworks */ = {
			isa = PBXShellScriptBuildPhase;
			buildActionMask = 2147483647;
			files = (
			);
			inputPaths = (
			);
			name = "[CP] Embed Pods Frameworks";
			outputPaths = (
			);
			runOnlyForDeploymentPostprocessing = 0;
			shellPath = /bin/sh;
			shellScript = "\"${SRCROOT}/Pods/Target Support Files/Pods-KomicaViewerTests/Pods-KomicaViewerTests-frameworks.sh\"\n";
			showEnvVarsInLog = 0;
		};
		7BF8544B2F5B3079BB66FB76 /* [CP] Check Pods Manifest.lock */ = {
			isa = PBXShellScriptBuildPhase;
			buildActionMask = 2147483647;
			files = (
			);
			inputPaths = (
			);
			name = "[CP] Check Pods Manifest.lock";
			outputPaths = (
			);
			runOnlyForDeploymentPostprocessing = 0;
			shellPath = /bin/sh;
			shellScript = "diff \"${PODS_ROOT}/../Podfile.lock\" \"${PODS_ROOT}/Manifest.lock\" > /dev/null\nif [[ $? != 0 ]] ; then\n    cat << EOM\nerror: The sandbox is not in sync with the Podfile.lock. Run 'pod install' or update your CocoaPods installation.\nEOM\n    exit 1\nfi\n";
			showEnvVarsInLog = 0;
		};
		7C2A12900AD7C31E84A470E7 /* Embed Pods Frameworks */ = {
			isa = PBXShellScriptBuildPhase;
			buildActionMask = 2147483647;
			files = (
			);
			inputPaths = (
			);
			name = "Embed Pods Frameworks";
			outputPaths = (
			);
			runOnlyForDeploymentPostprocessing = 0;
			shellPath = /bin/sh;
			shellScript = "\"${SRCROOT}/Pods/Target Support Files/Pods-KomicaViewer/Pods-KomicaViewer-frameworks.sh\"\n";
			showEnvVarsInLog = 0;
		};
		97865819251EB715CFC1A5AC /* [CP] Copy Pods Resources */ = {
			isa = PBXShellScriptBuildPhase;
			buildActionMask = 2147483647;
			files = (
			);
			inputPaths = (
			);
			name = "[CP] Copy Pods Resources";
			outputPaths = (
			);
			runOnlyForDeploymentPostprocessing = 0;
			shellPath = /bin/sh;
			shellScript = "\"${SRCROOT}/Pods/Target Support Files/Pods-KomicaViewerTests/Pods-KomicaViewerTests-resources.sh\"\n";
			showEnvVarsInLog = 0;
		};
		9B8EF6BF0691FFF00370BA47 /* [CP] Embed Pods Frameworks */ = {
			isa = PBXShellScriptBuildPhase;
			buildActionMask = 2147483647;
			files = (
			);
			inputPaths = (
			);
			name = "[CP] Embed Pods Frameworks";
			outputPaths = (
			);
			runOnlyForDeploymentPostprocessing = 0;
			shellPath = /bin/sh;
			shellScript = "\"${SRCROOT}/Pods/Target Support Files/Pods-KomicaViewer/Pods-KomicaViewer-frameworks.sh\"\n";
			showEnvVarsInLog = 0;
		};
		AC055B34C87542385C0B897D /* [CP] Copy Pods Resources */ = {
			isa = PBXShellScriptBuildPhase;
			buildActionMask = 2147483647;
			files = (
			);
			inputPaths = (
			);
			name = "[CP] Copy Pods Resources";
			outputPaths = (
			);
			runOnlyForDeploymentPostprocessing = 0;
			shellPath = /bin/sh;
			shellScript = "\"${SRCROOT}/Pods/Target Support Files/Pods-KomicaViewer/Pods-KomicaViewer-resources.sh\"\n";
			showEnvVarsInLog = 0;
		};
/* End PBXShellScriptBuildPhase section */

/* Begin PBXSourcesBuildPhase section */
		44496F4B1D5985A6005875DD /* Sources */ = {
			isa = PBXSourcesBuildPhase;
			buildActionMask = 2147483647;
			files = (
				44397D671D6953FB005B44AA /* UIApplication+Util.swift in Sources */,
				44A65AAB1D5DEE1000A4DDE6 /* UIViewController+ProgressBar.swift in Sources */,
				447EF1C31D5C832D00FE5D88 /* TableViewControllerBulkUpdateProtocol.swift in Sources */,
				44A65AA21D5DDA3300A4DDE6 /* UIColor+RGB.swift in Sources */,
				44397D5F1D6942E7005B44AA /* SVWebViewProtocol.swift in Sources */,
				44A65A981D5DBB0100A4DDE6 /* UIView+Util.m in Sources */,
				44BD39751D5B1E510070E0CB /* Logger.swift in Sources */,
				44655D7A1D5AFDAB00229404 /* Forums.swift in Sources */,
				44655D751D5AEF7900229404 /* HomeTableViewController.swift in Sources */,
				443342A71D5F576F00EDFA8F /* AFHTTPSessionManager+Util.swift in Sources */,
				44397D721D695C00005B44AA /* RoundCornerBorderedButton.swift in Sources */,
				44496F531D5985A6005875DD /* AppDelegate.swift in Sources */,
				443342A91D5F5A3800EDFA8F /* ActionTableViewCell.swift in Sources */,
				44F48EBC1D5D3F0700519C1B /* ProgressHUD.swift in Sources */,
				44655D771D5AEF8E00229404 /* ForumPickerTableViewController.swift in Sources */,
				443342A41D5F568B00EDFA8F /* Configuration.swift in Sources */,
				44397D761D695D65005B44AA /* ForumTextInputViewController.swift in Sources */,
				44A65AA01D5DC7F500A4DDE6 /* ParasitePostTableViewController.swift in Sources */,
				44BD39821D5B5F310070E0CB /* ThreadTableViewControllerProtocol.swift in Sources */,
				44BD39791D5B27690070E0CB /* ThreadTableViewCell.swift in Sources */,
				44397D741D695D4D005B44AA /* AddForumTableViewController.swift in Sources */,
				44A65A971D5DBB0100A4DDE6 /* CPLoadFromNibView.m in Sources */,
				44BD39801D5B5E180070E0CB /* ThreadTableViewController.swift in Sources */,
				44397D581D670A80005B44AA /* WebViewGuardDog.swift in Sources */,
				44BD39861D5B74ED0070E0CB /* UIView+SuperCell.swift in Sources */,
				449B210C1D7D1A21006AA091 /* BlockedUserManager.swift in Sources */,
			);
			runOnlyForDeploymentPostprocessing = 0;
		};
		44496F5F1D5985A6005875DD /* Sources */ = {
			isa = PBXSourcesBuildPhase;
			buildActionMask = 2147483647;
			files = (
				44496F681D5985A6005875DD /* KomicaViewerTests.swift in Sources */,
			);
			runOnlyForDeploymentPostprocessing = 0;
		};
/* End PBXSourcesBuildPhase section */

/* Begin PBXTargetDependency section */
		44496F651D5985A6005875DD /* PBXTargetDependency */ = {
			isa = PBXTargetDependency;
			target = 44496F4E1D5985A6005875DD /* KomicaViewer */;
			targetProxy = 44496F641D5985A6005875DD /* PBXContainerItemProxy */;
		};
		44655D441D5AD16400229404 /* PBXTargetDependency */ = {
			isa = PBXTargetDependency;
			name = KomicaEngine;
			targetProxy = 44655D431D5AD16400229404 /* PBXContainerItemProxy */;
		};
		44655D4A1D5AD24700229404 /* PBXTargetDependency */ = {
			isa = PBXTargetDependency;
			name = KomicaEngine;
			targetProxy = 44655D491D5AD24700229404 /* PBXContainerItemProxy */;
		};
/* End PBXTargetDependency section */

/* Begin PBXVariantGroup section */
		44496F561D5985A6005875DD /* Main.storyboard */ = {
			isa = PBXVariantGroup;
			children = (
				44496F571D5985A6005875DD /* Base */,
			);
			name = Main.storyboard;
			sourceTree = "<group>";
		};
		44496F5B1D5985A6005875DD /* LaunchScreen.storyboard */ = {
			isa = PBXVariantGroup;
			children = (
				44496F5C1D5985A6005875DD /* Base */,
			);
			name = LaunchScreen.storyboard;
			sourceTree = "<group>";
		};
/* End PBXVariantGroup section */

/* Begin XCBuildConfiguration section */
		44496F6A1D5985A6005875DD /* Debug */ = {
			isa = XCBuildConfiguration;
			buildSettings = {
				ALWAYS_SEARCH_USER_PATHS = NO;
				CLANG_ANALYZER_NONNULL = YES;
				CLANG_CXX_LANGUAGE_STANDARD = "gnu++0x";
				CLANG_CXX_LIBRARY = "libc++";
				CLANG_ENABLE_MODULES = YES;
				CLANG_ENABLE_OBJC_ARC = YES;
				CLANG_WARN_BOOL_CONVERSION = YES;
				CLANG_WARN_CONSTANT_CONVERSION = YES;
				CLANG_WARN_DIRECT_OBJC_ISA_USAGE = YES_ERROR;
				CLANG_WARN_EMPTY_BODY = YES;
				CLANG_WARN_ENUM_CONVERSION = YES;
				CLANG_WARN_INT_CONVERSION = YES;
				CLANG_WARN_OBJC_ROOT_CLASS = YES_ERROR;
				CLANG_WARN_UNREACHABLE_CODE = YES;
				CLANG_WARN__DUPLICATE_METHOD_MATCH = YES;
				"CODE_SIGN_IDENTITY[sdk=iphoneos*]" = "iPhone Developer";
				COPY_PHASE_STRIP = NO;
				DEBUG_INFORMATION_FORMAT = dwarf;
				ENABLE_STRICT_OBJC_MSGSEND = YES;
				ENABLE_TESTABILITY = YES;
				GCC_C_LANGUAGE_STANDARD = gnu99;
				GCC_DYNAMIC_NO_PIC = NO;
				GCC_NO_COMMON_BLOCKS = YES;
				GCC_OPTIMIZATION_LEVEL = 0;
				GCC_PREPROCESSOR_DEFINITIONS = (
					"DEBUG=1",
					"$(inherited)",
				);
				GCC_WARN_64_TO_32_BIT_CONVERSION = YES;
				GCC_WARN_ABOUT_RETURN_TYPE = YES_ERROR;
				GCC_WARN_UNDECLARED_SELECTOR = YES;
				GCC_WARN_UNINITIALIZED_AUTOS = YES_AGGRESSIVE;
				GCC_WARN_UNUSED_FUNCTION = YES;
				GCC_WARN_UNUSED_VARIABLE = YES;
				IPHONEOS_DEPLOYMENT_TARGET = 8.0;
				MTL_ENABLE_DEBUG_INFO = YES;
				ONLY_ACTIVE_ARCH = YES;
				SDKROOT = iphoneos;
				SWIFT_OBJC_BRIDGING_HEADER = "KomicaViewer-bridging-header.h";
				SWIFT_OPTIMIZATION_LEVEL = "-Onone";
				TARGETED_DEVICE_FAMILY = "1,2";
			};
			name = Debug;
		};
		44496F6B1D5985A6005875DD /* Release */ = {
			isa = XCBuildConfiguration;
			buildSettings = {
				ALWAYS_SEARCH_USER_PATHS = NO;
				CLANG_ANALYZER_NONNULL = YES;
				CLANG_CXX_LANGUAGE_STANDARD = "gnu++0x";
				CLANG_CXX_LIBRARY = "libc++";
				CLANG_ENABLE_MODULES = YES;
				CLANG_ENABLE_OBJC_ARC = YES;
				CLANG_WARN_BOOL_CONVERSION = YES;
				CLANG_WARN_CONSTANT_CONVERSION = YES;
				CLANG_WARN_DIRECT_OBJC_ISA_USAGE = YES_ERROR;
				CLANG_WARN_EMPTY_BODY = YES;
				CLANG_WARN_ENUM_CONVERSION = YES;
				CLANG_WARN_INT_CONVERSION = YES;
				CLANG_WARN_OBJC_ROOT_CLASS = YES_ERROR;
				CLANG_WARN_UNREACHABLE_CODE = YES;
				CLANG_WARN__DUPLICATE_METHOD_MATCH = YES;
				"CODE_SIGN_IDENTITY[sdk=iphoneos*]" = "iPhone Developer";
				COPY_PHASE_STRIP = NO;
				DEBUG_INFORMATION_FORMAT = "dwarf-with-dsym";
				ENABLE_NS_ASSERTIONS = NO;
				ENABLE_STRICT_OBJC_MSGSEND = YES;
				GCC_C_LANGUAGE_STANDARD = gnu99;
				GCC_NO_COMMON_BLOCKS = YES;
				GCC_WARN_64_TO_32_BIT_CONVERSION = YES;
				GCC_WARN_ABOUT_RETURN_TYPE = YES_ERROR;
				GCC_WARN_UNDECLARED_SELECTOR = YES;
				GCC_WARN_UNINITIALIZED_AUTOS = YES_AGGRESSIVE;
				GCC_WARN_UNUSED_FUNCTION = YES;
				GCC_WARN_UNUSED_VARIABLE = YES;
				IPHONEOS_DEPLOYMENT_TARGET = 8.0;
				MTL_ENABLE_DEBUG_INFO = NO;
				SDKROOT = iphoneos;
				SWIFT_OBJC_BRIDGING_HEADER = "KomicaViewer-bridging-header.h";
				TARGETED_DEVICE_FAMILY = "1,2";
				VALIDATE_PRODUCT = YES;
			};
			name = Release;
		};
		44496F6D1D5985A6005875DD /* Debug */ = {
			isa = XCBuildConfiguration;
			baseConfigurationReference = DC7DAB90B7018AB9E394882B /* Pods-KomicaViewer.debug.xcconfig */;
			buildSettings = {
				ASSETCATALOG_COMPILER_APPICON_NAME = AppIcon;
				CODE_SIGN_IDENTITY = "iPhone Developer";
				EMBEDDED_CONTENT_CONTAINS_SWIFT = YES;
				ENABLE_BITCODE = NO;
				FRAMEWORK_SEARCH_PATHS = (
					"$(inherited)",
					"$(PROJECT_DIR)",
				);
				INFOPLIST_FILE = KomicaViewer/Info.plist;
				IPHONEOS_DEPLOYMENT_TARGET = 8.0;
				LD_RUNPATH_SEARCH_PATHS = "$(inherited) @executable_path/Frameworks";
				OTHER_SWIFT_FLAGS = "-D DEBUG";
				PRODUCT_BUNDLE_IDENTIFIER = com.craig.KomicaViewer;
				PRODUCT_NAME = "$(TARGET_NAME)";
				SWIFT_OBJC_BRIDGING_HEADER = "$(inherited)";
			};
			name = Debug;
		};
		44496F6E1D5985A6005875DD /* Release */ = {
			isa = XCBuildConfiguration;
			baseConfigurationReference = 1F999914BCD5E6DBD4D5D973 /* Pods-KomicaViewer.release.xcconfig */;
			buildSettings = {
				ASSETCATALOG_COMPILER_APPICON_NAME = AppIcon;
				CODE_SIGN_IDENTITY = "iPhone Distribution";
				EMBEDDED_CONTENT_CONTAINS_SWIFT = YES;
				ENABLE_BITCODE = NO;
				FRAMEWORK_SEARCH_PATHS = (
					"$(inherited)",
					"$(PROJECT_DIR)",
				);
				INFOPLIST_FILE = KomicaViewer/Info.plist;
				IPHONEOS_DEPLOYMENT_TARGET = 8.0;
				LD_RUNPATH_SEARCH_PATHS = "$(inherited) @executable_path/Frameworks";
				OTHER_SWIFT_FLAGS = "-D DEBUG";
				PRODUCT_BUNDLE_IDENTIFIER = com.craig.KomicaViewer;
				PRODUCT_NAME = "$(TARGET_NAME)";
				SWIFT_OBJC_BRIDGING_HEADER = "$(inherited)";
			};
			name = Release;
		};
		44496F701D5985A6005875DD /* Debug */ = {
			isa = XCBuildConfiguration;
			baseConfigurationReference = 9F0A0392FA0DA6C1927ACC66 /* Pods-KomicaViewerTests.debug.xcconfig */;
			buildSettings = {
				BUNDLE_LOADER = "$(TEST_HOST)";
				INFOPLIST_FILE = KomicaViewerTests/Info.plist;
				LD_RUNPATH_SEARCH_PATHS = "$(inherited) @executable_path/Frameworks @loader_path/Frameworks";
				PRODUCT_BUNDLE_IDENTIFIER = com.craig.KomicaViewerTests;
				PRODUCT_NAME = "$(TARGET_NAME)";
				TEST_HOST = "$(BUILT_PRODUCTS_DIR)/KomicaViewer.app/KomicaViewer";
			};
			name = Debug;
		};
		44496F711D5985A6005875DD /* Release */ = {
			isa = XCBuildConfiguration;
			baseConfigurationReference = C4E60A0BF1FCCC05D433E68E /* Pods-KomicaViewerTests.release.xcconfig */;
			buildSettings = {
				BUNDLE_LOADER = "$(TEST_HOST)";
				INFOPLIST_FILE = KomicaViewerTests/Info.plist;
				LD_RUNPATH_SEARCH_PATHS = "$(inherited) @executable_path/Frameworks @loader_path/Frameworks";
				PRODUCT_BUNDLE_IDENTIFIER = com.craig.KomicaViewerTests;
				PRODUCT_NAME = "$(TARGET_NAME)";
				TEST_HOST = "$(BUILT_PRODUCTS_DIR)/KomicaViewer.app/KomicaViewer";
			};
			name = Release;
		};
/* End XCBuildConfiguration section */

/* Begin XCConfigurationList section */
		44496F4A1D5985A6005875DD /* Build configuration list for PBXProject "KomicaViewer" */ = {
			isa = XCConfigurationList;
			buildConfigurations = (
				44496F6A1D5985A6005875DD /* Debug */,
				44496F6B1D5985A6005875DD /* Release */,
			);
			defaultConfigurationIsVisible = 0;
			defaultConfigurationName = Release;
		};
		44496F6C1D5985A6005875DD /* Build configuration list for PBXNativeTarget "KomicaViewer" */ = {
			isa = XCConfigurationList;
			buildConfigurations = (
				44496F6D1D5985A6005875DD /* Debug */,
				44496F6E1D5985A6005875DD /* Release */,
			);
			defaultConfigurationIsVisible = 0;
			defaultConfigurationName = Release;
		};
		44496F6F1D5985A6005875DD /* Build configuration list for PBXNativeTarget "KomicaViewerTests" */ = {
			isa = XCConfigurationList;
			buildConfigurations = (
				44496F701D5985A6005875DD /* Debug */,
				44496F711D5985A6005875DD /* Release */,
			);
			defaultConfigurationIsVisible = 0;
			defaultConfigurationName = Release;
		};
/* End XCConfigurationList section */
	};
	rootObject = 44496F471D5985A6005875DD /* Project object */;
}
